
Microsoft Visual Studio Solution File, Format Version 10.00
# Visual Studio 2008
Project("{2150E333-8FDC-42A3-9474-1A3956D46DE8}") = "Cci", "Cci", "{739D8218-9E6D-4C44-B8B3-AB335A2412CE}"
EndProject
Project("{2150E333-8FDC-42A3-9474-1A3956D46DE8}") = "Vcc", "Vcc", "{04D33EB9-17AC-46B9-BF93-99C57F2F802E}"
EndProject
Project("{FAE04EC0-301F-11D3-BF4B-00C04F79EFBC}") = "MetadataModel", "cci\Metadata\Sources\MetadataModel\MetadataModel.csproj", "{33CAB640-0D03-43DF-81BD-22CDC6C0A597}"
EndProject
Project("{FAE04EC0-301F-11D3-BF4B-00C04F79EFBC}") = "MetadataHelper", "cci\Metadata\Sources\MetadataHelper\MetadataHelper.csproj", "{4A34A3C5-6176-49D7-A4C5-B2B671247F8F}"
EndProject
Project("{FAE04EC0-301F-11D3-BF4B-00C04F79EFBC}") = "SourceModel", "cci\Metadata\Sources\SourceModel\SourceModel.csproj", "{4B0054FD-124A-4037-9965-BDB55E6BF389}"
EndProject
Project("{FAE04EC0-301F-11D3-BF4B-00C04F79EFBC}") = "VccCore", "vcc\Core\VccCore.csproj", "{B855D039-8A27-419D-9A81-86FF93227E31}"
EndProject
Project("{2150E333-8FDC-42A3-9474-1A3956D46DE8}") = "Metadata", "Metadata", "{CA610267-3E64-42EF-96C6-B065EEAB1EAB}"
EndProject
Project("{2150E333-8FDC-42A3-9474-1A3956D46DE8}") = "Ast", "Ast", "{FDE14385-074E-44A5-842F-8343E8D6F6B7}"
EndProject
Project("{FAE04EC0-301F-11D3-BF4B-00C04F79EFBC}") = "MutableMetadataModel", "cci\Metadata\Sources\MutableMetadataModel\MutableMetadataModel.csproj", "{319E151C-8F33-49E7-81C9-30F02F9BA90A}"
EndProject
Project("{FAE04EC0-301F-11D3-BF4B-00C04F79EFBC}") = "ILGenerator", "cci\Metadata\Sources\ILGenerator\ILGenerator.csproj", "{08156C78-403A-4112-AD81-8646AC51CD2F}"
EndProject
Project("{FAE04EC0-301F-11D3-BF4B-00C04F79EFBC}") = "PeReader", "cci\Metadata\Sources\PeReader\PeReader.csproj", "{34B9A0CE-DF18-4CBC-8F7A-90C2B74338D5}"
EndProject
Project("{FAE04EC0-301F-11D3-BF4B-00C04F79EFBC}") = "PeWriter", "cci\Metadata\Sources\PeWriter\PeWriter.csproj", "{304A8B0B-851B-4AA6-A17D-5F87F39C5E5C}"
EndProject
Project("{FAE04EC0-301F-11D3-BF4B-00C04F79EFBC}") = "PdbReader", "cci\Metadata\Sources\PdbReader\PdbReader.csproj", "{A6A31B03-7C3D-4DE6-AA73-BE88116BC40A}"
EndProject
Project("{FAE04EC0-301F-11D3-BF4B-00C04F79EFBC}") = "PdbWriter", "cci\Metadata\Sources\PdbWriter\PdbWriter.csproj", "{6D83F687-ABB5-40B3-915E-CA53DA0EB7F3}"
EndProject
Project("{FAE04EC0-301F-11D3-BF4B-00C04F79EFBC}") = "AstsProjectedAsCodeModel", "cci\Sources\AstsProjectedAsCodeModel\AstsProjectedAsCodeModel.csproj", "{15FF2982-EBD1-45DC-8FDF-4D901236E3D9}"
EndProject
Project("{FAE04EC0-301F-11D3-BF4B-00C04F79EFBC}") = "MutableCodeModel", "cci\Sources\MutableCodeModel\MutableCodeModel.csproj", "{319E150C-8F33-49E7-81CA-30F02F9BA90A}"
EndProject
Project("{FAE04EC0-301F-11D3-BF4B-00C04F79EFBC}") = "CodeModel", "cci\Sources\CodeModel\CodeModel.csproj", "{035FEA7F-0D36-4AE4-B694-EC45191B9AF2}"
EndProject
Project("{FAE04EC0-301F-11D3-BF4B-00C04F79EFBC}") = "CodeModelNormalizer", "cci\Sources\CodeModelNormalizer\CodeModelNormalizer.csproj", "{B98C89CF-BF3E-405C-88DE-D60AE4AADA15}"
EndProject
Project("{FAE04EC0-301F-11D3-BF4B-00C04F79EFBC}") = "CodeModelToIL", "cci\Sources\CodeModelToIL\CodeModelToIL.csproj", "{CEB76EA1-A168-49B0-A410-2C4195FEE86F}"
EndProject
Project("{FAE04EC0-301F-11D3-BF4B-00C04F79EFBC}") = "CodeModel2VccHelper", "vcc\CodeModel2VccHelper\CodeModel2VccHelper.csproj", "{B2144FB2-68AD-4F94-B53E-DCCF827115C8}"
EndProject
Project("{F2A71F9B-5D33-465A-A702-920D77279786}") = "CodeModel2Vcc", "vcc\CodeModel2Vcc\CodeModel2Vcc.fsproj", "{AB567043-8047-4CB4-863C-F7FBAB4E239A}"
EndProject
Project("{8BC9CEB8-8B4A-11D0-8D11-00A0C91BC942}") = "Headers", "vcc\Headers\Headers.vcproj", "{DA1D75C4-D0AA-474C-8773-6D90C9319D67}"
EndProject
Project("{F2A71F9B-5D33-465A-A702-920D77279786}") = "VccTranslator", "vcc\Translator\VccTranslator.fsproj", "{CDB01DBB-FD43-40F4-98F0-F5401E8C5919}"
EndProject
Project("{FAE04EC0-301F-11D3-BF4B-00C04F79EFBC}") = "VccHost", "vcc\Host\VccHost.csproj", "{A23FF5D3-7775-4BD3-942A-1F488E339D27}"
EndProject
Project("{FAE04EC0-301F-11D3-BF4B-00C04F79EFBC}") = "VccRuntime", "vcc\Runtime\VccRuntime.csproj", "{D0544C0C-C6ED-4F91-9F3C-9F3A02B8CAB6}"
EndProject
Project("{2150E333-8FDC-42A3-9474-1A3956D46DE8}") = "Tools", "Tools", "{5B244ED6-BCC5-4FEE-A8DF-8B546F368F3F}"
EndProject
Project("{2150E333-8FDC-42A3-9474-1A3956D46DE8}") = "VsAddIn", "VsAddIn", "{CD8E4A51-E4D2-4779-B818-5C59D6E6F6B0}"
EndProject
Project("{FAE04EC0-301F-11D3-BF4B-00C04F79EFBC}") = "VccAddin", "vcc\AddIn\VCCAddin\VccAddin.csproj", "{0F1AF63F-A46F-4B56-B66B-6FDEDD2BC10E}"
EndProject
Project("{FAE04EC0-301F-11D3-BF4B-00C04F79EFBC}") = "AddInCommandLineInstaller", "vcc\AddIn\VCCAddInCommandLineInstaller\AddInCommandLineInstaller.csproj", "{040D7048-7489-408F-8513-1F9EAD4A86BD}"
EndProject
Project("{2150E333-8FDC-42A3-9474-1A3956D46DE8}") = "ModelViewer", "ModelViewer", "{6FFDDDE7-4B33-4CDB-92F3-21A0807E866D}"
EndProject
Project("{2150E333-8FDC-42A3-9474-1A3956D46DE8}") = "AxiomProfiler", "AxiomProfiler", "{78187C99-15DA-4001-92E7-01A103DA739D}"
EndProject
Project("{FAE04EC0-301F-11D3-BF4B-00C04F79EFBC}") = "Z3AxiomProfiler", "vcc\Tools\Z3Visualizer\Z3Visualizer\Z3AxiomProfiler.csproj", "{29651769-4A5F-4C7F-BAA7-4064BA38324D}"
EndProject
Project("{FAE04EC0-301F-11D3-BF4B-00C04F79EFBC}") = "Z3ModelParser", "vcc\Tools\ModelViewer\Z3ModelParser\Z3ModelParser.csproj", "{3CE03E07-26AB-4969-97AD-BDDCE41B0A28}"
EndProject
Project("{FAE04EC0-301F-11D3-BF4B-00C04F79EFBC}") = "VccModel", "vcc\Tools\ModelViewer\Model\VccModel.csproj", "{58F55EE8-F35F-427F-B4C3-F650A9843485}"
EndProject
Project("{FAE04EC0-301F-11D3-BF4B-00C04F79EFBC}") = "VccModelViewer", "vcc\Tools\ModelViewer\ModelViewer\VccModelViewer.csproj", "{19CF9E68-12F6-4249-ADE9-D9D7EC18F41D}"
EndProject
Project("{8BC9CEB8-8B4A-11D0-8D11-00A0C91BC942}") = "Samples", "vcc\Test\Samples.vcproj", "{CAB0EED0-564C-4981-97BC-497AB7D13433}"
EndProject
Project("{2150E333-8FDC-42A3-9474-1A3956D46DE8}") = "Verified Assembler", "Verified Assembler", "{94B7CD92-D066-483C-9AE3-7A82F73A48D9}"
EndProject
Project("{F2A71F9B-5D33-465A-A702-920D77279786}") = "VerifiedAssembler", "vcc\VerifiedAssembler\VerifiedAssembler.fsproj", "{BD186581-19B6-4B6D-BC42-4A503732EDB9}"
EndProject
Project("{F2A71F9B-5D33-465A-A702-920D77279786}") = "AssemblerContracts", "vcc\AssemblerContracts\AssemblerContracts.fsproj", "{70E7C19D-0DFA-4382-B4BD-45AD687B11DA}"
EndProject
Global
	GlobalSection(SolutionConfigurationPlatforms) = preSolution
		Debug|Any CPU = Debug|Any CPU
		Debug|Mixed Platforms = Debug|Mixed Platforms
		Debug|Win32 = Debug|Win32
		NightlyDebug|Any CPU = NightlyDebug|Any CPU
		NightlyDebug|Mixed Platforms = NightlyDebug|Mixed Platforms
		NightlyDebug|Win32 = NightlyDebug|Win32
		NightlyRelease|Any CPU = NightlyRelease|Any CPU
		NightlyRelease|Mixed Platforms = NightlyRelease|Mixed Platforms
		NightlyRelease|Win32 = NightlyRelease|Win32
		Release|Any CPU = Release|Any CPU
		Release|Mixed Platforms = Release|Mixed Platforms
		Release|Win32 = Release|Win32
	EndGlobalSection
	GlobalSection(ProjectConfigurationPlatforms) = postSolution
		{33CAB640-0D03-43DF-81BD-22CDC6C0A597}.Debug|Any CPU.ActiveCfg = Debug|Any CPU
		{33CAB640-0D03-43DF-81BD-22CDC6C0A597}.Debug|Any CPU.Build.0 = Debug|Any CPU
		{33CAB640-0D03-43DF-81BD-22CDC6C0A597}.Debug|Mixed Platforms.ActiveCfg = Debug|Any CPU
		{33CAB640-0D03-43DF-81BD-22CDC6C0A597}.Debug|Mixed Platforms.Build.0 = Debug|Any CPU
		{33CAB640-0D03-43DF-81BD-22CDC6C0A597}.Debug|Win32.ActiveCfg = Debug|Any CPU
		{33CAB640-0D03-43DF-81BD-22CDC6C0A597}.NightlyDebug|Any CPU.ActiveCfg = NightlyDebug|Any CPU
		{33CAB640-0D03-43DF-81BD-22CDC6C0A597}.NightlyDebug|Any CPU.Build.0 = NightlyDebug|Any CPU
		{33CAB640-0D03-43DF-81BD-22CDC6C0A597}.NightlyDebug|Mixed Platforms.ActiveCfg = NightlyDebug|Any CPU
		{33CAB640-0D03-43DF-81BD-22CDC6C0A597}.NightlyDebug|Mixed Platforms.Build.0 = NightlyDebug|Any CPU
		{33CAB640-0D03-43DF-81BD-22CDC6C0A597}.NightlyDebug|Win32.ActiveCfg = NightlyDebug|Any CPU
		{33CAB640-0D03-43DF-81BD-22CDC6C0A597}.NightlyRelease|Any CPU.ActiveCfg = NightlyRelease|Any CPU
		{33CAB640-0D03-43DF-81BD-22CDC6C0A597}.NightlyRelease|Any CPU.Build.0 = NightlyRelease|Any CPU
		{33CAB640-0D03-43DF-81BD-22CDC6C0A597}.NightlyRelease|Mixed Platforms.ActiveCfg = NightlyRelease|Any CPU
		{33CAB640-0D03-43DF-81BD-22CDC6C0A597}.NightlyRelease|Mixed Platforms.Build.0 = NightlyRelease|Any CPU
		{33CAB640-0D03-43DF-81BD-22CDC6C0A597}.NightlyRelease|Win32.ActiveCfg = NightlyRelease|Any CPU
		{33CAB640-0D03-43DF-81BD-22CDC6C0A597}.Release|Any CPU.ActiveCfg = Release|Any CPU
		{33CAB640-0D03-43DF-81BD-22CDC6C0A597}.Release|Any CPU.Build.0 = Release|Any CPU
		{33CAB640-0D03-43DF-81BD-22CDC6C0A597}.Release|Mixed Platforms.ActiveCfg = Release|Any CPU
		{33CAB640-0D03-43DF-81BD-22CDC6C0A597}.Release|Mixed Platforms.Build.0 = Release|Any CPU
		{33CAB640-0D03-43DF-81BD-22CDC6C0A597}.Release|Win32.ActiveCfg = Release|Any CPU
		{4A34A3C5-6176-49D7-A4C5-B2B671247F8F}.Debug|Any CPU.ActiveCfg = Debug|Any CPU
		{4A34A3C5-6176-49D7-A4C5-B2B671247F8F}.Debug|Any CPU.Build.0 = Debug|Any CPU
		{4A34A3C5-6176-49D7-A4C5-B2B671247F8F}.Debug|Mixed Platforms.ActiveCfg = Debug|Any CPU
		{4A34A3C5-6176-49D7-A4C5-B2B671247F8F}.Debug|Mixed Platforms.Build.0 = Debug|Any CPU
		{4A34A3C5-6176-49D7-A4C5-B2B671247F8F}.Debug|Win32.ActiveCfg = Debug|Any CPU
		{4A34A3C5-6176-49D7-A4C5-B2B671247F8F}.NightlyDebug|Any CPU.ActiveCfg = NightlyDebug|Any CPU
		{4A34A3C5-6176-49D7-A4C5-B2B671247F8F}.NightlyDebug|Any CPU.Build.0 = NightlyDebug|Any CPU
		{4A34A3C5-6176-49D7-A4C5-B2B671247F8F}.NightlyDebug|Mixed Platforms.ActiveCfg = NightlyDebug|Any CPU
		{4A34A3C5-6176-49D7-A4C5-B2B671247F8F}.NightlyDebug|Mixed Platforms.Build.0 = NightlyDebug|Any CPU
		{4A34A3C5-6176-49D7-A4C5-B2B671247F8F}.NightlyDebug|Win32.ActiveCfg = NightlyDebug|Any CPU
		{4A34A3C5-6176-49D7-A4C5-B2B671247F8F}.NightlyRelease|Any CPU.ActiveCfg = NightlyRelease|Any CPU
		{4A34A3C5-6176-49D7-A4C5-B2B671247F8F}.NightlyRelease|Any CPU.Build.0 = NightlyRelease|Any CPU
		{4A34A3C5-6176-49D7-A4C5-B2B671247F8F}.NightlyRelease|Mixed Platforms.ActiveCfg = NightlyRelease|Any CPU
		{4A34A3C5-6176-49D7-A4C5-B2B671247F8F}.NightlyRelease|Mixed Platforms.Build.0 = NightlyRelease|Any CPU
		{4A34A3C5-6176-49D7-A4C5-B2B671247F8F}.NightlyRelease|Win32.ActiveCfg = NightlyRelease|Any CPU
		{4A34A3C5-6176-49D7-A4C5-B2B671247F8F}.Release|Any CPU.ActiveCfg = Release|Any CPU
		{4A34A3C5-6176-49D7-A4C5-B2B671247F8F}.Release|Any CPU.Build.0 = Release|Any CPU
		{4A34A3C5-6176-49D7-A4C5-B2B671247F8F}.Release|Mixed Platforms.ActiveCfg = Release|Any CPU
		{4A34A3C5-6176-49D7-A4C5-B2B671247F8F}.Release|Mixed Platforms.Build.0 = Release|Any CPU
		{4A34A3C5-6176-49D7-A4C5-B2B671247F8F}.Release|Win32.ActiveCfg = Release|Any CPU
		{4B0054FD-124A-4037-9965-BDB55E6BF389}.Debug|Any CPU.ActiveCfg = Debug|Any CPU
		{4B0054FD-124A-4037-9965-BDB55E6BF389}.Debug|Any CPU.Build.0 = Debug|Any CPU
		{4B0054FD-124A-4037-9965-BDB55E6BF389}.Debug|Mixed Platforms.ActiveCfg = Debug|Any CPU
		{4B0054FD-124A-4037-9965-BDB55E6BF389}.Debug|Mixed Platforms.Build.0 = Debug|Any CPU
		{4B0054FD-124A-4037-9965-BDB55E6BF389}.Debug|Win32.ActiveCfg = Debug|Any CPU
		{4B0054FD-124A-4037-9965-BDB55E6BF389}.NightlyDebug|Any CPU.ActiveCfg = Debug|Any CPU
		{4B0054FD-124A-4037-9965-BDB55E6BF389}.NightlyDebug|Any CPU.Build.0 = Debug|Any CPU
		{4B0054FD-124A-4037-9965-BDB55E6BF389}.NightlyDebug|Mixed Platforms.ActiveCfg = Debug|Any CPU
		{4B0054FD-124A-4037-9965-BDB55E6BF389}.NightlyDebug|Mixed Platforms.Build.0 = Debug|Any CPU
		{4B0054FD-124A-4037-9965-BDB55E6BF389}.NightlyDebug|Win32.ActiveCfg = Debug|Any CPU
		{4B0054FD-124A-4037-9965-BDB55E6BF389}.NightlyRelease|Any CPU.ActiveCfg = Release|Any CPU
		{4B0054FD-124A-4037-9965-BDB55E6BF389}.NightlyRelease|Any CPU.Build.0 = Release|Any CPU
		{4B0054FD-124A-4037-9965-BDB55E6BF389}.NightlyRelease|Mixed Platforms.ActiveCfg = Release|Any CPU
		{4B0054FD-124A-4037-9965-BDB55E6BF389}.NightlyRelease|Mixed Platforms.Build.0 = Release|Any CPU
		{4B0054FD-124A-4037-9965-BDB55E6BF389}.NightlyRelease|Win32.ActiveCfg = Release|Any CPU
		{4B0054FD-124A-4037-9965-BDB55E6BF389}.Release|Any CPU.ActiveCfg = Release|Any CPU
		{4B0054FD-124A-4037-9965-BDB55E6BF389}.Release|Any CPU.Build.0 = Release|Any CPU
		{4B0054FD-124A-4037-9965-BDB55E6BF389}.Release|Mixed Platforms.ActiveCfg = Release|Any CPU
		{4B0054FD-124A-4037-9965-BDB55E6BF389}.Release|Mixed Platforms.Build.0 = Release|Any CPU
		{4B0054FD-124A-4037-9965-BDB55E6BF389}.Release|Win32.ActiveCfg = Release|Any CPU
		{B855D039-8A27-419D-9A81-86FF93227E31}.Debug|Any CPU.ActiveCfg = Debug|Any CPU
		{B855D039-8A27-419D-9A81-86FF93227E31}.Debug|Any CPU.Build.0 = Debug|Any CPU
		{B855D039-8A27-419D-9A81-86FF93227E31}.Debug|Mixed Platforms.ActiveCfg = Debug|Any CPU
		{B855D039-8A27-419D-9A81-86FF93227E31}.Debug|Mixed Platforms.Build.0 = Debug|Any CPU
		{B855D039-8A27-419D-9A81-86FF93227E31}.Debug|Win32.ActiveCfg = Debug|Any CPU
		{B855D039-8A27-419D-9A81-86FF93227E31}.NightlyDebug|Any CPU.ActiveCfg = NightlyDebug|Any CPU
		{B855D039-8A27-419D-9A81-86FF93227E31}.NightlyDebug|Any CPU.Build.0 = NightlyDebug|Any CPU
		{B855D039-8A27-419D-9A81-86FF93227E31}.NightlyDebug|Mixed Platforms.ActiveCfg = NightlyDebug|Any CPU
		{B855D039-8A27-419D-9A81-86FF93227E31}.NightlyDebug|Mixed Platforms.Build.0 = NightlyDebug|Any CPU
		{B855D039-8A27-419D-9A81-86FF93227E31}.NightlyDebug|Win32.ActiveCfg = NightlyDebug|Any CPU
		{B855D039-8A27-419D-9A81-86FF93227E31}.NightlyRelease|Any CPU.ActiveCfg = NightlyRelease|Any CPU
		{B855D039-8A27-419D-9A81-86FF93227E31}.NightlyRelease|Any CPU.Build.0 = NightlyRelease|Any CPU
		{B855D039-8A27-419D-9A81-86FF93227E31}.NightlyRelease|Mixed Platforms.ActiveCfg = NightlyRelease|Any CPU
		{B855D039-8A27-419D-9A81-86FF93227E31}.NightlyRelease|Mixed Platforms.Build.0 = NightlyRelease|Any CPU
		{B855D039-8A27-419D-9A81-86FF93227E31}.NightlyRelease|Win32.ActiveCfg = NightlyRelease|Any CPU
		{B855D039-8A27-419D-9A81-86FF93227E31}.Release|Any CPU.ActiveCfg = Release|Any CPU
		{B855D039-8A27-419D-9A81-86FF93227E31}.Release|Any CPU.Build.0 = Release|Any CPU
		{B855D039-8A27-419D-9A81-86FF93227E31}.Release|Mixed Platforms.ActiveCfg = Release|Any CPU
		{B855D039-8A27-419D-9A81-86FF93227E31}.Release|Mixed Platforms.Build.0 = Release|Any CPU
		{B855D039-8A27-419D-9A81-86FF93227E31}.Release|Win32.ActiveCfg = Release|Any CPU
		{319E151C-8F33-49E7-81C9-30F02F9BA90A}.Debug|Any CPU.ActiveCfg = Debug|Any CPU
		{319E151C-8F33-49E7-81C9-30F02F9BA90A}.Debug|Any CPU.Build.0 = Debug|Any CPU
		{319E151C-8F33-49E7-81C9-30F02F9BA90A}.Debug|Mixed Platforms.ActiveCfg = Debug|Any CPU
		{319E151C-8F33-49E7-81C9-30F02F9BA90A}.Debug|Mixed Platforms.Build.0 = Debug|Any CPU
		{319E151C-8F33-49E7-81C9-30F02F9BA90A}.Debug|Win32.ActiveCfg = Debug|Any CPU
		{319E151C-8F33-49E7-81C9-30F02F9BA90A}.NightlyDebug|Any CPU.ActiveCfg = NightlyDebug|Any CPU
		{319E151C-8F33-49E7-81C9-30F02F9BA90A}.NightlyDebug|Any CPU.Build.0 = NightlyDebug|Any CPU
		{319E151C-8F33-49E7-81C9-30F02F9BA90A}.NightlyDebug|Mixed Platforms.ActiveCfg = NightlyDebug|Any CPU
		{319E151C-8F33-49E7-81C9-30F02F9BA90A}.NightlyDebug|Mixed Platforms.Build.0 = NightlyDebug|Any CPU
		{319E151C-8F33-49E7-81C9-30F02F9BA90A}.NightlyDebug|Win32.ActiveCfg = NightlyDebug|Any CPU
		{319E151C-8F33-49E7-81C9-30F02F9BA90A}.NightlyRelease|Any CPU.ActiveCfg = NightlyRelease|Any CPU
		{319E151C-8F33-49E7-81C9-30F02F9BA90A}.NightlyRelease|Any CPU.Build.0 = NightlyRelease|Any CPU
		{319E151C-8F33-49E7-81C9-30F02F9BA90A}.NightlyRelease|Mixed Platforms.ActiveCfg = NightlyRelease|Any CPU
		{319E151C-8F33-49E7-81C9-30F02F9BA90A}.NightlyRelease|Mixed Platforms.Build.0 = NightlyRelease|Any CPU
		{319E151C-8F33-49E7-81C9-30F02F9BA90A}.NightlyRelease|Win32.ActiveCfg = NightlyRelease|Any CPU
		{319E151C-8F33-49E7-81C9-30F02F9BA90A}.Release|Any CPU.ActiveCfg = Release|Any CPU
		{319E151C-8F33-49E7-81C9-30F02F9BA90A}.Release|Any CPU.Build.0 = Release|Any CPU
		{319E151C-8F33-49E7-81C9-30F02F9BA90A}.Release|Mixed Platforms.ActiveCfg = Release|Any CPU
		{319E151C-8F33-49E7-81C9-30F02F9BA90A}.Release|Mixed Platforms.Build.0 = Release|Any CPU
		{319E151C-8F33-49E7-81C9-30F02F9BA90A}.Release|Win32.ActiveCfg = Release|Any CPU
		{08156C78-403A-4112-AD81-8646AC51CD2F}.Debug|Any CPU.ActiveCfg = Debug|Any CPU
		{08156C78-403A-4112-AD81-8646AC51CD2F}.Debug|Any CPU.Build.0 = Debug|Any CPU
		{08156C78-403A-4112-AD81-8646AC51CD2F}.Debug|Mixed Platforms.ActiveCfg = Debug|Any CPU
		{08156C78-403A-4112-AD81-8646AC51CD2F}.Debug|Mixed Platforms.Build.0 = Debug|Any CPU
		{08156C78-403A-4112-AD81-8646AC51CD2F}.Debug|Win32.ActiveCfg = Debug|Any CPU
		{08156C78-403A-4112-AD81-8646AC51CD2F}.NightlyDebug|Any CPU.ActiveCfg = Debug|Any CPU
		{08156C78-403A-4112-AD81-8646AC51CD2F}.NightlyDebug|Any CPU.Build.0 = Debug|Any CPU
		{08156C78-403A-4112-AD81-8646AC51CD2F}.NightlyDebug|Mixed Platforms.ActiveCfg = Debug|Any CPU
		{08156C78-403A-4112-AD81-8646AC51CD2F}.NightlyDebug|Mixed Platforms.Build.0 = Debug|Any CPU
		{08156C78-403A-4112-AD81-8646AC51CD2F}.NightlyDebug|Win32.ActiveCfg = Debug|Any CPU
		{08156C78-403A-4112-AD81-8646AC51CD2F}.NightlyRelease|Any CPU.ActiveCfg = Release|Any CPU
		{08156C78-403A-4112-AD81-8646AC51CD2F}.NightlyRelease|Any CPU.Build.0 = Release|Any CPU
		{08156C78-403A-4112-AD81-8646AC51CD2F}.NightlyRelease|Mixed Platforms.ActiveCfg = Release|Any CPU
		{08156C78-403A-4112-AD81-8646AC51CD2F}.NightlyRelease|Mixed Platforms.Build.0 = Release|Any CPU
		{08156C78-403A-4112-AD81-8646AC51CD2F}.NightlyRelease|Win32.ActiveCfg = Release|Any CPU
		{08156C78-403A-4112-AD81-8646AC51CD2F}.Release|Any CPU.ActiveCfg = Release|Any CPU
		{08156C78-403A-4112-AD81-8646AC51CD2F}.Release|Any CPU.Build.0 = Release|Any CPU
		{08156C78-403A-4112-AD81-8646AC51CD2F}.Release|Mixed Platforms.ActiveCfg = Release|Any CPU
		{08156C78-403A-4112-AD81-8646AC51CD2F}.Release|Mixed Platforms.Build.0 = Release|Any CPU
		{08156C78-403A-4112-AD81-8646AC51CD2F}.Release|Win32.ActiveCfg = Release|Any CPU
		{34B9A0CE-DF18-4CBC-8F7A-90C2B74338D5}.Debug|Any CPU.ActiveCfg = Debug|Any CPU
		{34B9A0CE-DF18-4CBC-8F7A-90C2B74338D5}.Debug|Any CPU.Build.0 = Debug|Any CPU
		{34B9A0CE-DF18-4CBC-8F7A-90C2B74338D5}.Debug|Mixed Platforms.ActiveCfg = Debug|Any CPU
		{34B9A0CE-DF18-4CBC-8F7A-90C2B74338D5}.Debug|Mixed Platforms.Build.0 = Debug|Any CPU
		{34B9A0CE-DF18-4CBC-8F7A-90C2B74338D5}.Debug|Win32.ActiveCfg = Debug|Any CPU
		{34B9A0CE-DF18-4CBC-8F7A-90C2B74338D5}.NightlyDebug|Any CPU.ActiveCfg = Debug|Any CPU
		{34B9A0CE-DF18-4CBC-8F7A-90C2B74338D5}.NightlyDebug|Any CPU.Build.0 = Debug|Any CPU
		{34B9A0CE-DF18-4CBC-8F7A-90C2B74338D5}.NightlyDebug|Mixed Platforms.ActiveCfg = Debug|Any CPU
		{34B9A0CE-DF18-4CBC-8F7A-90C2B74338D5}.NightlyDebug|Mixed Platforms.Build.0 = Debug|Any CPU
		{34B9A0CE-DF18-4CBC-8F7A-90C2B74338D5}.NightlyDebug|Win32.ActiveCfg = Debug|Any CPU
		{34B9A0CE-DF18-4CBC-8F7A-90C2B74338D5}.NightlyRelease|Any CPU.ActiveCfg = Release|Any CPU
		{34B9A0CE-DF18-4CBC-8F7A-90C2B74338D5}.NightlyRelease|Any CPU.Build.0 = Release|Any CPU
		{34B9A0CE-DF18-4CBC-8F7A-90C2B74338D5}.NightlyRelease|Mixed Platforms.ActiveCfg = Release|Any CPU
		{34B9A0CE-DF18-4CBC-8F7A-90C2B74338D5}.NightlyRelease|Mixed Platforms.Build.0 = Release|Any CPU
		{34B9A0CE-DF18-4CBC-8F7A-90C2B74338D5}.NightlyRelease|Win32.ActiveCfg = Release|Any CPU
		{34B9A0CE-DF18-4CBC-8F7A-90C2B74338D5}.Release|Any CPU.ActiveCfg = Release|Any CPU
		{34B9A0CE-DF18-4CBC-8F7A-90C2B74338D5}.Release|Any CPU.Build.0 = Release|Any CPU
		{34B9A0CE-DF18-4CBC-8F7A-90C2B74338D5}.Release|Mixed Platforms.ActiveCfg = Release|Any CPU
		{34B9A0CE-DF18-4CBC-8F7A-90C2B74338D5}.Release|Mixed Platforms.Build.0 = Release|Any CPU
		{34B9A0CE-DF18-4CBC-8F7A-90C2B74338D5}.Release|Win32.ActiveCfg = Release|Any CPU
		{304A8B0B-851B-4AA6-A17D-5F87F39C5E5C}.Debug|Any CPU.ActiveCfg = Debug|Any CPU
		{304A8B0B-851B-4AA6-A17D-5F87F39C5E5C}.Debug|Any CPU.Build.0 = Debug|Any CPU
		{304A8B0B-851B-4AA6-A17D-5F87F39C5E5C}.Debug|Mixed Platforms.ActiveCfg = Debug|Any CPU
		{304A8B0B-851B-4AA6-A17D-5F87F39C5E5C}.Debug|Mixed Platforms.Build.0 = Debug|Any CPU
		{304A8B0B-851B-4AA6-A17D-5F87F39C5E5C}.Debug|Win32.ActiveCfg = Debug|Any CPU
		{304A8B0B-851B-4AA6-A17D-5F87F39C5E5C}.NightlyDebug|Any CPU.ActiveCfg = Debug|Any CPU
		{304A8B0B-851B-4AA6-A17D-5F87F39C5E5C}.NightlyDebug|Any CPU.Build.0 = Debug|Any CPU
		{304A8B0B-851B-4AA6-A17D-5F87F39C5E5C}.NightlyDebug|Mixed Platforms.ActiveCfg = Debug|Any CPU
		{304A8B0B-851B-4AA6-A17D-5F87F39C5E5C}.NightlyDebug|Mixed Platforms.Build.0 = Debug|Any CPU
		{304A8B0B-851B-4AA6-A17D-5F87F39C5E5C}.NightlyDebug|Win32.ActiveCfg = Debug|Any CPU
		{304A8B0B-851B-4AA6-A17D-5F87F39C5E5C}.NightlyRelease|Any CPU.ActiveCfg = Release|Any CPU
		{304A8B0B-851B-4AA6-A17D-5F87F39C5E5C}.NightlyRelease|Any CPU.Build.0 = Release|Any CPU
		{304A8B0B-851B-4AA6-A17D-5F87F39C5E5C}.NightlyRelease|Mixed Platforms.ActiveCfg = Release|Any CPU
		{304A8B0B-851B-4AA6-A17D-5F87F39C5E5C}.NightlyRelease|Mixed Platforms.Build.0 = Release|Any CPU
		{304A8B0B-851B-4AA6-A17D-5F87F39C5E5C}.NightlyRelease|Win32.ActiveCfg = Release|Any CPU
		{304A8B0B-851B-4AA6-A17D-5F87F39C5E5C}.Release|Any CPU.ActiveCfg = Release|Any CPU
		{304A8B0B-851B-4AA6-A17D-5F87F39C5E5C}.Release|Any CPU.Build.0 = Release|Any CPU
		{304A8B0B-851B-4AA6-A17D-5F87F39C5E5C}.Release|Mixed Platforms.ActiveCfg = Release|Any CPU
		{304A8B0B-851B-4AA6-A17D-5F87F39C5E5C}.Release|Mixed Platforms.Build.0 = Release|Any CPU
		{304A8B0B-851B-4AA6-A17D-5F87F39C5E5C}.Release|Win32.ActiveCfg = Release|Any CPU
		{A6A31B03-7C3D-4DE6-AA73-BE88116BC40A}.Debug|Any CPU.ActiveCfg = Debug|Any CPU
		{A6A31B03-7C3D-4DE6-AA73-BE88116BC40A}.Debug|Any CPU.Build.0 = Debug|Any CPU
		{A6A31B03-7C3D-4DE6-AA73-BE88116BC40A}.Debug|Mixed Platforms.ActiveCfg = Debug|Any CPU
		{A6A31B03-7C3D-4DE6-AA73-BE88116BC40A}.Debug|Mixed Platforms.Build.0 = Debug|Any CPU
		{A6A31B03-7C3D-4DE6-AA73-BE88116BC40A}.Debug|Win32.ActiveCfg = Debug|Any CPU
		{A6A31B03-7C3D-4DE6-AA73-BE88116BC40A}.NightlyDebug|Any CPU.ActiveCfg = Debug|Any CPU
		{A6A31B03-7C3D-4DE6-AA73-BE88116BC40A}.NightlyDebug|Any CPU.Build.0 = Debug|Any CPU
		{A6A31B03-7C3D-4DE6-AA73-BE88116BC40A}.NightlyDebug|Mixed Platforms.ActiveCfg = Debug|Any CPU
		{A6A31B03-7C3D-4DE6-AA73-BE88116BC40A}.NightlyDebug|Mixed Platforms.Build.0 = Debug|Any CPU
		{A6A31B03-7C3D-4DE6-AA73-BE88116BC40A}.NightlyDebug|Win32.ActiveCfg = Debug|Any CPU
		{A6A31B03-7C3D-4DE6-AA73-BE88116BC40A}.NightlyRelease|Any CPU.ActiveCfg = Release|Any CPU
		{A6A31B03-7C3D-4DE6-AA73-BE88116BC40A}.NightlyRelease|Any CPU.Build.0 = Release|Any CPU
		{A6A31B03-7C3D-4DE6-AA73-BE88116BC40A}.NightlyRelease|Mixed Platforms.ActiveCfg = Release|Any CPU
		{A6A31B03-7C3D-4DE6-AA73-BE88116BC40A}.NightlyRelease|Mixed Platforms.Build.0 = Release|Any CPU
		{A6A31B03-7C3D-4DE6-AA73-BE88116BC40A}.NightlyRelease|Win32.ActiveCfg = Release|Any CPU
		{A6A31B03-7C3D-4DE6-AA73-BE88116BC40A}.Release|Any CPU.ActiveCfg = Release|Any CPU
		{A6A31B03-7C3D-4DE6-AA73-BE88116BC40A}.Release|Any CPU.Build.0 = Release|Any CPU
		{A6A31B03-7C3D-4DE6-AA73-BE88116BC40A}.Release|Mixed Platforms.ActiveCfg = Release|Any CPU
		{A6A31B03-7C3D-4DE6-AA73-BE88116BC40A}.Release|Mixed Platforms.Build.0 = Release|Any CPU
		{A6A31B03-7C3D-4DE6-AA73-BE88116BC40A}.Release|Win32.ActiveCfg = Release|Any CPU
		{6D83F687-ABB5-40B3-915E-CA53DA0EB7F3}.Debug|Any CPU.ActiveCfg = Debug|Any CPU
		{6D83F687-ABB5-40B3-915E-CA53DA0EB7F3}.Debug|Any CPU.Build.0 = Debug|Any CPU
		{6D83F687-ABB5-40B3-915E-CA53DA0EB7F3}.Debug|Mixed Platforms.ActiveCfg = Debug|Any CPU
		{6D83F687-ABB5-40B3-915E-CA53DA0EB7F3}.Debug|Mixed Platforms.Build.0 = Debug|Any CPU
		{6D83F687-ABB5-40B3-915E-CA53DA0EB7F3}.Debug|Win32.ActiveCfg = Debug|Any CPU
		{6D83F687-ABB5-40B3-915E-CA53DA0EB7F3}.NightlyDebug|Any CPU.ActiveCfg = Debug|Any CPU
		{6D83F687-ABB5-40B3-915E-CA53DA0EB7F3}.NightlyDebug|Any CPU.Build.0 = Debug|Any CPU
		{6D83F687-ABB5-40B3-915E-CA53DA0EB7F3}.NightlyDebug|Mixed Platforms.ActiveCfg = Debug|Any CPU
		{6D83F687-ABB5-40B3-915E-CA53DA0EB7F3}.NightlyDebug|Mixed Platforms.Build.0 = Debug|Any CPU
		{6D83F687-ABB5-40B3-915E-CA53DA0EB7F3}.NightlyDebug|Win32.ActiveCfg = Debug|Any CPU
		{6D83F687-ABB5-40B3-915E-CA53DA0EB7F3}.NightlyRelease|Any CPU.ActiveCfg = Release|Any CPU
		{6D83F687-ABB5-40B3-915E-CA53DA0EB7F3}.NightlyRelease|Any CPU.Build.0 = Release|Any CPU
		{6D83F687-ABB5-40B3-915E-CA53DA0EB7F3}.NightlyRelease|Mixed Platforms.ActiveCfg = Release|Any CPU
		{6D83F687-ABB5-40B3-915E-CA53DA0EB7F3}.NightlyRelease|Mixed Platforms.Build.0 = Release|Any CPU
		{6D83F687-ABB5-40B3-915E-CA53DA0EB7F3}.NightlyRelease|Win32.ActiveCfg = Release|Any CPU
		{6D83F687-ABB5-40B3-915E-CA53DA0EB7F3}.Release|Any CPU.ActiveCfg = Release|Any CPU
		{6D83F687-ABB5-40B3-915E-CA53DA0EB7F3}.Release|Any CPU.Build.0 = Release|Any CPU
		{6D83F687-ABB5-40B3-915E-CA53DA0EB7F3}.Release|Mixed Platforms.ActiveCfg = Release|Any CPU
		{6D83F687-ABB5-40B3-915E-CA53DA0EB7F3}.Release|Mixed Platforms.Build.0 = Release|Any CPU
		{6D83F687-ABB5-40B3-915E-CA53DA0EB7F3}.Release|Win32.ActiveCfg = Release|Any CPU
		{15FF2982-EBD1-45DC-8FDF-4D901236E3D9}.Debug|Any CPU.ActiveCfg = Debug|Any CPU
		{15FF2982-EBD1-45DC-8FDF-4D901236E3D9}.Debug|Any CPU.Build.0 = Debug|Any CPU
		{15FF2982-EBD1-45DC-8FDF-4D901236E3D9}.Debug|Mixed Platforms.ActiveCfg = Debug|Any CPU
		{15FF2982-EBD1-45DC-8FDF-4D901236E3D9}.Debug|Mixed Platforms.Build.0 = Debug|Any CPU
		{15FF2982-EBD1-45DC-8FDF-4D901236E3D9}.Debug|Win32.ActiveCfg = Debug|Any CPU
		{15FF2982-EBD1-45DC-8FDF-4D901236E3D9}.NightlyDebug|Any CPU.ActiveCfg = NightlyDebug|Any CPU
		{15FF2982-EBD1-45DC-8FDF-4D901236E3D9}.NightlyDebug|Any CPU.Build.0 = NightlyDebug|Any CPU
		{15FF2982-EBD1-45DC-8FDF-4D901236E3D9}.NightlyDebug|Mixed Platforms.ActiveCfg = NightlyDebug|Any CPU
		{15FF2982-EBD1-45DC-8FDF-4D901236E3D9}.NightlyDebug|Mixed Platforms.Build.0 = NightlyDebug|Any CPU
		{15FF2982-EBD1-45DC-8FDF-4D901236E3D9}.NightlyDebug|Win32.ActiveCfg = NightlyDebug|Any CPU
		{15FF2982-EBD1-45DC-8FDF-4D901236E3D9}.NightlyRelease|Any CPU.ActiveCfg = NightlyRelease|Any CPU
		{15FF2982-EBD1-45DC-8FDF-4D901236E3D9}.NightlyRelease|Any CPU.Build.0 = NightlyRelease|Any CPU
		{15FF2982-EBD1-45DC-8FDF-4D901236E3D9}.NightlyRelease|Mixed Platforms.ActiveCfg = NightlyRelease|Any CPU
		{15FF2982-EBD1-45DC-8FDF-4D901236E3D9}.NightlyRelease|Mixed Platforms.Build.0 = NightlyRelease|Any CPU
		{15FF2982-EBD1-45DC-8FDF-4D901236E3D9}.NightlyRelease|Win32.ActiveCfg = NightlyRelease|Any CPU
		{15FF2982-EBD1-45DC-8FDF-4D901236E3D9}.Release|Any CPU.ActiveCfg = Release|Any CPU
		{15FF2982-EBD1-45DC-8FDF-4D901236E3D9}.Release|Any CPU.Build.0 = Release|Any CPU
		{15FF2982-EBD1-45DC-8FDF-4D901236E3D9}.Release|Mixed Platforms.ActiveCfg = Release|Any CPU
		{15FF2982-EBD1-45DC-8FDF-4D901236E3D9}.Release|Mixed Platforms.Build.0 = Release|Any CPU
		{15FF2982-EBD1-45DC-8FDF-4D901236E3D9}.Release|Win32.ActiveCfg = Release|Any CPU
		{319E150C-8F33-49E7-81CA-30F02F9BA90A}.Debug|Any CPU.ActiveCfg = Debug|Any CPU
		{319E150C-8F33-49E7-81CA-30F02F9BA90A}.Debug|Any CPU.Build.0 = Debug|Any CPU
		{319E150C-8F33-49E7-81CA-30F02F9BA90A}.Debug|Mixed Platforms.ActiveCfg = Debug|Any CPU
		{319E150C-8F33-49E7-81CA-30F02F9BA90A}.Debug|Mixed Platforms.Build.0 = Debug|Any CPU
		{319E150C-8F33-49E7-81CA-30F02F9BA90A}.Debug|Win32.ActiveCfg = Debug|Any CPU
		{319E150C-8F33-49E7-81CA-30F02F9BA90A}.NightlyDebug|Any CPU.ActiveCfg = NightlyDebug|Any CPU
		{319E150C-8F33-49E7-81CA-30F02F9BA90A}.NightlyDebug|Any CPU.Build.0 = NightlyDebug|Any CPU
		{319E150C-8F33-49E7-81CA-30F02F9BA90A}.NightlyDebug|Mixed Platforms.ActiveCfg = NightlyDebug|Any CPU
		{319E150C-8F33-49E7-81CA-30F02F9BA90A}.NightlyDebug|Mixed Platforms.Build.0 = NightlyDebug|Any CPU
		{319E150C-8F33-49E7-81CA-30F02F9BA90A}.NightlyDebug|Win32.ActiveCfg = NightlyDebug|Any CPU
		{319E150C-8F33-49E7-81CA-30F02F9BA90A}.NightlyRelease|Any CPU.ActiveCfg = NightlyRelease|Any CPU
		{319E150C-8F33-49E7-81CA-30F02F9BA90A}.NightlyRelease|Any CPU.Build.0 = NightlyRelease|Any CPU
		{319E150C-8F33-49E7-81CA-30F02F9BA90A}.NightlyRelease|Mixed Platforms.ActiveCfg = NightlyRelease|Any CPU
		{319E150C-8F33-49E7-81CA-30F02F9BA90A}.NightlyRelease|Mixed Platforms.Build.0 = NightlyRelease|Any CPU
		{319E150C-8F33-49E7-81CA-30F02F9BA90A}.NightlyRelease|Win32.ActiveCfg = NightlyRelease|Any CPU
		{319E150C-8F33-49E7-81CA-30F02F9BA90A}.Release|Any CPU.ActiveCfg = Release|Any CPU
		{319E150C-8F33-49E7-81CA-30F02F9BA90A}.Release|Any CPU.Build.0 = Release|Any CPU
		{319E150C-8F33-49E7-81CA-30F02F9BA90A}.Release|Mixed Platforms.ActiveCfg = Release|Any CPU
		{319E150C-8F33-49E7-81CA-30F02F9BA90A}.Release|Mixed Platforms.Build.0 = Release|Any CPU
		{319E150C-8F33-49E7-81CA-30F02F9BA90A}.Release|Win32.ActiveCfg = Release|Any CPU
		{035FEA7F-0D36-4AE4-B694-EC45191B9AF2}.Debug|Any CPU.ActiveCfg = Debug|Any CPU
		{035FEA7F-0D36-4AE4-B694-EC45191B9AF2}.Debug|Any CPU.Build.0 = Debug|Any CPU
		{035FEA7F-0D36-4AE4-B694-EC45191B9AF2}.Debug|Mixed Platforms.ActiveCfg = Debug|Any CPU
		{035FEA7F-0D36-4AE4-B694-EC45191B9AF2}.Debug|Mixed Platforms.Build.0 = Debug|Any CPU
		{035FEA7F-0D36-4AE4-B694-EC45191B9AF2}.Debug|Win32.ActiveCfg = Debug|Any CPU
		{035FEA7F-0D36-4AE4-B694-EC45191B9AF2}.NightlyDebug|Any CPU.ActiveCfg = Debug|Any CPU
		{035FEA7F-0D36-4AE4-B694-EC45191B9AF2}.NightlyDebug|Any CPU.Build.0 = Debug|Any CPU
		{035FEA7F-0D36-4AE4-B694-EC45191B9AF2}.NightlyDebug|Mixed Platforms.ActiveCfg = Debug|Any CPU
		{035FEA7F-0D36-4AE4-B694-EC45191B9AF2}.NightlyDebug|Mixed Platforms.Build.0 = Debug|Any CPU
		{035FEA7F-0D36-4AE4-B694-EC45191B9AF2}.NightlyDebug|Win32.ActiveCfg = Debug|Any CPU
		{035FEA7F-0D36-4AE4-B694-EC45191B9AF2}.NightlyRelease|Any CPU.ActiveCfg = Release|Any CPU
		{035FEA7F-0D36-4AE4-B694-EC45191B9AF2}.NightlyRelease|Any CPU.Build.0 = Release|Any CPU
		{035FEA7F-0D36-4AE4-B694-EC45191B9AF2}.NightlyRelease|Mixed Platforms.ActiveCfg = Release|Any CPU
		{035FEA7F-0D36-4AE4-B694-EC45191B9AF2}.NightlyRelease|Mixed Platforms.Build.0 = Release|Any CPU
		{035FEA7F-0D36-4AE4-B694-EC45191B9AF2}.NightlyRelease|Win32.ActiveCfg = Release|Any CPU
		{035FEA7F-0D36-4AE4-B694-EC45191B9AF2}.Release|Any CPU.ActiveCfg = Release|Any CPU
		{035FEA7F-0D36-4AE4-B694-EC45191B9AF2}.Release|Any CPU.Build.0 = Release|Any CPU
		{035FEA7F-0D36-4AE4-B694-EC45191B9AF2}.Release|Mixed Platforms.ActiveCfg = Release|Any CPU
		{035FEA7F-0D36-4AE4-B694-EC45191B9AF2}.Release|Mixed Platforms.Build.0 = Release|Any CPU
		{035FEA7F-0D36-4AE4-B694-EC45191B9AF2}.Release|Win32.ActiveCfg = Release|Any CPU
		{B98C89CF-BF3E-405C-88DE-D60AE4AADA15}.Debug|Any CPU.ActiveCfg = Debug|Any CPU
		{B98C89CF-BF3E-405C-88DE-D60AE4AADA15}.Debug|Any CPU.Build.0 = Debug|Any CPU
		{B98C89CF-BF3E-405C-88DE-D60AE4AADA15}.Debug|Mixed Platforms.ActiveCfg = Debug|Any CPU
		{B98C89CF-BF3E-405C-88DE-D60AE4AADA15}.Debug|Mixed Platforms.Build.0 = Debug|Any CPU
		{B98C89CF-BF3E-405C-88DE-D60AE4AADA15}.Debug|Win32.ActiveCfg = Debug|Any CPU
		{B98C89CF-BF3E-405C-88DE-D60AE4AADA15}.NightlyDebug|Any CPU.ActiveCfg = Debug|Any CPU
		{B98C89CF-BF3E-405C-88DE-D60AE4AADA15}.NightlyDebug|Any CPU.Build.0 = Debug|Any CPU
		{B98C89CF-BF3E-405C-88DE-D60AE4AADA15}.NightlyDebug|Mixed Platforms.ActiveCfg = Debug|Any CPU
		{B98C89CF-BF3E-405C-88DE-D60AE4AADA15}.NightlyDebug|Mixed Platforms.Build.0 = Debug|Any CPU
		{B98C89CF-BF3E-405C-88DE-D60AE4AADA15}.NightlyDebug|Win32.ActiveCfg = Debug|Any CPU
		{B98C89CF-BF3E-405C-88DE-D60AE4AADA15}.NightlyRelease|Any CPU.ActiveCfg = Release|Any CPU
		{B98C89CF-BF3E-405C-88DE-D60AE4AADA15}.NightlyRelease|Any CPU.Build.0 = Release|Any CPU
		{B98C89CF-BF3E-405C-88DE-D60AE4AADA15}.NightlyRelease|Mixed Platforms.ActiveCfg = Release|Any CPU
		{B98C89CF-BF3E-405C-88DE-D60AE4AADA15}.NightlyRelease|Mixed Platforms.Build.0 = Release|Any CPU
		{B98C89CF-BF3E-405C-88DE-D60AE4AADA15}.NightlyRelease|Win32.ActiveCfg = Release|Any CPU
		{B98C89CF-BF3E-405C-88DE-D60AE4AADA15}.Release|Any CPU.ActiveCfg = Release|Any CPU
		{B98C89CF-BF3E-405C-88DE-D60AE4AADA15}.Release|Any CPU.Build.0 = Release|Any CPU
		{B98C89CF-BF3E-405C-88DE-D60AE4AADA15}.Release|Mixed Platforms.ActiveCfg = Release|Any CPU
		{B98C89CF-BF3E-405C-88DE-D60AE4AADA15}.Release|Mixed Platforms.Build.0 = Release|Any CPU
		{B98C89CF-BF3E-405C-88DE-D60AE4AADA15}.Release|Win32.ActiveCfg = Release|Any CPU
		{CEB76EA1-A168-49B0-A410-2C4195FEE86F}.Debug|Any CPU.ActiveCfg = Debug|Any CPU
		{CEB76EA1-A168-49B0-A410-2C4195FEE86F}.Debug|Any CPU.Build.0 = Debug|Any CPU
		{CEB76EA1-A168-49B0-A410-2C4195FEE86F}.Debug|Mixed Platforms.ActiveCfg = Debug|Any CPU
		{CEB76EA1-A168-49B0-A410-2C4195FEE86F}.Debug|Mixed Platforms.Build.0 = Debug|Any CPU
		{CEB76EA1-A168-49B0-A410-2C4195FEE86F}.Debug|Win32.ActiveCfg = Debug|Any CPU
		{CEB76EA1-A168-49B0-A410-2C4195FEE86F}.NightlyDebug|Any CPU.ActiveCfg = Debug|Any CPU
		{CEB76EA1-A168-49B0-A410-2C4195FEE86F}.NightlyDebug|Any CPU.Build.0 = Debug|Any CPU
		{CEB76EA1-A168-49B0-A410-2C4195FEE86F}.NightlyDebug|Mixed Platforms.ActiveCfg = Debug|Any CPU
		{CEB76EA1-A168-49B0-A410-2C4195FEE86F}.NightlyDebug|Mixed Platforms.Build.0 = Debug|Any CPU
		{CEB76EA1-A168-49B0-A410-2C4195FEE86F}.NightlyDebug|Win32.ActiveCfg = Debug|Any CPU
		{CEB76EA1-A168-49B0-A410-2C4195FEE86F}.NightlyRelease|Any CPU.ActiveCfg = Release|Any CPU
		{CEB76EA1-A168-49B0-A410-2C4195FEE86F}.NightlyRelease|Any CPU.Build.0 = Release|Any CPU
		{CEB76EA1-A168-49B0-A410-2C4195FEE86F}.NightlyRelease|Mixed Platforms.ActiveCfg = Release|Any CPU
		{CEB76EA1-A168-49B0-A410-2C4195FEE86F}.NightlyRelease|Mixed Platforms.Build.0 = Release|Any CPU
		{CEB76EA1-A168-49B0-A410-2C4195FEE86F}.NightlyRelease|Win32.ActiveCfg = Release|Any CPU
		{CEB76EA1-A168-49B0-A410-2C4195FEE86F}.Release|Any CPU.ActiveCfg = Release|Any CPU
		{CEB76EA1-A168-49B0-A410-2C4195FEE86F}.Release|Any CPU.Build.0 = Release|Any CPU
		{CEB76EA1-A168-49B0-A410-2C4195FEE86F}.Release|Mixed Platforms.ActiveCfg = Release|Any CPU
		{CEB76EA1-A168-49B0-A410-2C4195FEE86F}.Release|Mixed Platforms.Build.0 = Release|Any CPU
		{CEB76EA1-A168-49B0-A410-2C4195FEE86F}.Release|Win32.ActiveCfg = Release|Any CPU
		{B2144FB2-68AD-4F94-B53E-DCCF827115C8}.Debug|Any CPU.ActiveCfg = Debug|Any CPU
		{B2144FB2-68AD-4F94-B53E-DCCF827115C8}.Debug|Any CPU.Build.0 = Debug|Any CPU
		{B2144FB2-68AD-4F94-B53E-DCCF827115C8}.Debug|Mixed Platforms.ActiveCfg = Debug|Any CPU
		{B2144FB2-68AD-4F94-B53E-DCCF827115C8}.Debug|Mixed Platforms.Build.0 = Debug|Any CPU
		{B2144FB2-68AD-4F94-B53E-DCCF827115C8}.Debug|Win32.ActiveCfg = Debug|Any CPU
		{B2144FB2-68AD-4F94-B53E-DCCF827115C8}.NightlyDebug|Any CPU.ActiveCfg = Debug|Any CPU
		{B2144FB2-68AD-4F94-B53E-DCCF827115C8}.NightlyDebug|Any CPU.Build.0 = Debug|Any CPU
		{B2144FB2-68AD-4F94-B53E-DCCF827115C8}.NightlyDebug|Mixed Platforms.ActiveCfg = Debug|Any CPU
		{B2144FB2-68AD-4F94-B53E-DCCF827115C8}.NightlyDebug|Mixed Platforms.Build.0 = Debug|Any CPU
		{B2144FB2-68AD-4F94-B53E-DCCF827115C8}.NightlyDebug|Win32.ActiveCfg = Debug|Any CPU
		{B2144FB2-68AD-4F94-B53E-DCCF827115C8}.NightlyRelease|Any CPU.ActiveCfg = Release|Any CPU
		{B2144FB2-68AD-4F94-B53E-DCCF827115C8}.NightlyRelease|Any CPU.Build.0 = Release|Any CPU
		{B2144FB2-68AD-4F94-B53E-DCCF827115C8}.NightlyRelease|Mixed Platforms.ActiveCfg = Release|Any CPU
		{B2144FB2-68AD-4F94-B53E-DCCF827115C8}.NightlyRelease|Mixed Platforms.Build.0 = Release|Any CPU
		{B2144FB2-68AD-4F94-B53E-DCCF827115C8}.NightlyRelease|Win32.ActiveCfg = Release|Any CPU
		{B2144FB2-68AD-4F94-B53E-DCCF827115C8}.Release|Any CPU.ActiveCfg = Release|Any CPU
		{B2144FB2-68AD-4F94-B53E-DCCF827115C8}.Release|Any CPU.Build.0 = Release|Any CPU
		{B2144FB2-68AD-4F94-B53E-DCCF827115C8}.Release|Mixed Platforms.ActiveCfg = Release|Any CPU
		{B2144FB2-68AD-4F94-B53E-DCCF827115C8}.Release|Mixed Platforms.Build.0 = Release|Any CPU
		{B2144FB2-68AD-4F94-B53E-DCCF827115C8}.Release|Win32.ActiveCfg = Release|Any CPU
		{AB567043-8047-4CB4-863C-F7FBAB4E239A}.Debug|Any CPU.ActiveCfg = Debug|Any CPU
		{AB567043-8047-4CB4-863C-F7FBAB4E239A}.Debug|Any CPU.Build.0 = Debug|Any CPU
		{AB567043-8047-4CB4-863C-F7FBAB4E239A}.Debug|Mixed Platforms.ActiveCfg = Debug|Any CPU
		{AB567043-8047-4CB4-863C-F7FBAB4E239A}.Debug|Mixed Platforms.Build.0 = Debug|Any CPU
		{AB567043-8047-4CB4-863C-F7FBAB4E239A}.Debug|Win32.ActiveCfg = Debug|Any CPU
		{AB567043-8047-4CB4-863C-F7FBAB4E239A}.NightlyDebug|Any CPU.ActiveCfg = Debug|Any CPU
		{AB567043-8047-4CB4-863C-F7FBAB4E239A}.NightlyDebug|Any CPU.Build.0 = Debug|Any CPU
		{AB567043-8047-4CB4-863C-F7FBAB4E239A}.NightlyDebug|Mixed Platforms.ActiveCfg = Debug|Any CPU
		{AB567043-8047-4CB4-863C-F7FBAB4E239A}.NightlyDebug|Mixed Platforms.Build.0 = Debug|Any CPU
		{AB567043-8047-4CB4-863C-F7FBAB4E239A}.NightlyDebug|Win32.ActiveCfg = Debug|Any CPU
		{AB567043-8047-4CB4-863C-F7FBAB4E239A}.NightlyRelease|Any CPU.ActiveCfg = Release|Any CPU
		{AB567043-8047-4CB4-863C-F7FBAB4E239A}.NightlyRelease|Any CPU.Build.0 = Release|Any CPU
		{AB567043-8047-4CB4-863C-F7FBAB4E239A}.NightlyRelease|Mixed Platforms.ActiveCfg = Release|Any CPU
		{AB567043-8047-4CB4-863C-F7FBAB4E239A}.NightlyRelease|Mixed Platforms.Build.0 = Release|Any CPU
		{AB567043-8047-4CB4-863C-F7FBAB4E239A}.NightlyRelease|Win32.ActiveCfg = Release|Any CPU
		{AB567043-8047-4CB4-863C-F7FBAB4E239A}.Release|Any CPU.ActiveCfg = Release|Any CPU
		{AB567043-8047-4CB4-863C-F7FBAB4E239A}.Release|Any CPU.Build.0 = Release|Any CPU
		{AB567043-8047-4CB4-863C-F7FBAB4E239A}.Release|Mixed Platforms.ActiveCfg = Release|Any CPU
		{AB567043-8047-4CB4-863C-F7FBAB4E239A}.Release|Mixed Platforms.Build.0 = Release|Any CPU
		{AB567043-8047-4CB4-863C-F7FBAB4E239A}.Release|Win32.ActiveCfg = Release|Any CPU
		{DA1D75C4-D0AA-474C-8773-6D90C9319D67}.Debug|Any CPU.ActiveCfg = Debug|Win32
		{DA1D75C4-D0AA-474C-8773-6D90C9319D67}.Debug|Mixed Platforms.ActiveCfg = Debug|Win32
		{DA1D75C4-D0AA-474C-8773-6D90C9319D67}.Debug|Mixed Platforms.Build.0 = Debug|Win32
		{DA1D75C4-D0AA-474C-8773-6D90C9319D67}.Debug|Win32.ActiveCfg = Debug|Win32
		{DA1D75C4-D0AA-474C-8773-6D90C9319D67}.Debug|Win32.Build.0 = Debug|Win32
		{DA1D75C4-D0AA-474C-8773-6D90C9319D67}.NightlyDebug|Any CPU.ActiveCfg = Debug|Win32
		{DA1D75C4-D0AA-474C-8773-6D90C9319D67}.NightlyDebug|Mixed Platforms.ActiveCfg = Debug|Win32
		{DA1D75C4-D0AA-474C-8773-6D90C9319D67}.NightlyDebug|Mixed Platforms.Build.0 = Debug|Win32
		{DA1D75C4-D0AA-474C-8773-6D90C9319D67}.NightlyDebug|Win32.ActiveCfg = Debug|Win32
		{DA1D75C4-D0AA-474C-8773-6D90C9319D67}.NightlyDebug|Win32.Build.0 = Debug|Win32
		{DA1D75C4-D0AA-474C-8773-6D90C9319D67}.NightlyRelease|Any CPU.ActiveCfg = Release|Win32
		{DA1D75C4-D0AA-474C-8773-6D90C9319D67}.NightlyRelease|Mixed Platforms.ActiveCfg = Release|Win32
		{DA1D75C4-D0AA-474C-8773-6D90C9319D67}.NightlyRelease|Mixed Platforms.Build.0 = Release|Win32
		{DA1D75C4-D0AA-474C-8773-6D90C9319D67}.NightlyRelease|Win32.ActiveCfg = Release|Win32
		{DA1D75C4-D0AA-474C-8773-6D90C9319D67}.NightlyRelease|Win32.Build.0 = Release|Win32
		{DA1D75C4-D0AA-474C-8773-6D90C9319D67}.Release|Any CPU.ActiveCfg = Release|Win32
		{DA1D75C4-D0AA-474C-8773-6D90C9319D67}.Release|Mixed Platforms.ActiveCfg = Release|Win32
		{DA1D75C4-D0AA-474C-8773-6D90C9319D67}.Release|Mixed Platforms.Build.0 = Release|Win32
		{DA1D75C4-D0AA-474C-8773-6D90C9319D67}.Release|Win32.ActiveCfg = Release|Win32
		{DA1D75C4-D0AA-474C-8773-6D90C9319D67}.Release|Win32.Build.0 = Release|Win32
		{CDB01DBB-FD43-40F4-98F0-F5401E8C5919}.Debug|Any CPU.ActiveCfg = Debug|Any CPU
		{CDB01DBB-FD43-40F4-98F0-F5401E8C5919}.Debug|Any CPU.Build.0 = Debug|Any CPU
		{CDB01DBB-FD43-40F4-98F0-F5401E8C5919}.Debug|Mixed Platforms.ActiveCfg = Debug|Any CPU
		{CDB01DBB-FD43-40F4-98F0-F5401E8C5919}.Debug|Mixed Platforms.Build.0 = Debug|Any CPU
		{CDB01DBB-FD43-40F4-98F0-F5401E8C5919}.Debug|Win32.ActiveCfg = Debug|Any CPU
		{CDB01DBB-FD43-40F4-98F0-F5401E8C5919}.NightlyDebug|Any CPU.ActiveCfg = Debug|Any CPU
		{CDB01DBB-FD43-40F4-98F0-F5401E8C5919}.NightlyDebug|Any CPU.Build.0 = Debug|Any CPU
		{CDB01DBB-FD43-40F4-98F0-F5401E8C5919}.NightlyDebug|Mixed Platforms.ActiveCfg = Debug|Any CPU
		{CDB01DBB-FD43-40F4-98F0-F5401E8C5919}.NightlyDebug|Mixed Platforms.Build.0 = Debug|Any CPU
		{CDB01DBB-FD43-40F4-98F0-F5401E8C5919}.NightlyDebug|Win32.ActiveCfg = Debug|Any CPU
		{CDB01DBB-FD43-40F4-98F0-F5401E8C5919}.NightlyRelease|Any CPU.ActiveCfg = Release|Any CPU
		{CDB01DBB-FD43-40F4-98F0-F5401E8C5919}.NightlyRelease|Any CPU.Build.0 = Release|Any CPU
		{CDB01DBB-FD43-40F4-98F0-F5401E8C5919}.NightlyRelease|Mixed Platforms.ActiveCfg = Release|Any CPU
		{CDB01DBB-FD43-40F4-98F0-F5401E8C5919}.NightlyRelease|Mixed Platforms.Build.0 = Release|Any CPU
		{CDB01DBB-FD43-40F4-98F0-F5401E8C5919}.NightlyRelease|Win32.ActiveCfg = Release|Any CPU
		{CDB01DBB-FD43-40F4-98F0-F5401E8C5919}.Release|Any CPU.ActiveCfg = Release|Any CPU
		{CDB01DBB-FD43-40F4-98F0-F5401E8C5919}.Release|Any CPU.Build.0 = Release|Any CPU
		{CDB01DBB-FD43-40F4-98F0-F5401E8C5919}.Release|Mixed Platforms.ActiveCfg = Release|Any CPU
		{CDB01DBB-FD43-40F4-98F0-F5401E8C5919}.Release|Mixed Platforms.Build.0 = Release|Any CPU
		{CDB01DBB-FD43-40F4-98F0-F5401E8C5919}.Release|Win32.ActiveCfg = Release|Any CPU
		{A23FF5D3-7775-4BD3-942A-1F488E339D27}.Debug|Any CPU.ActiveCfg = Debug|Any CPU
		{A23FF5D3-7775-4BD3-942A-1F488E339D27}.Debug|Any CPU.Build.0 = Debug|Any CPU
		{A23FF5D3-7775-4BD3-942A-1F488E339D27}.Debug|Mixed Platforms.ActiveCfg = Debug|Any CPU
		{A23FF5D3-7775-4BD3-942A-1F488E339D27}.Debug|Mixed Platforms.Build.0 = Debug|Any CPU
		{A23FF5D3-7775-4BD3-942A-1F488E339D27}.Debug|Win32.ActiveCfg = Debug|Any CPU
		{A23FF5D3-7775-4BD3-942A-1F488E339D27}.NightlyDebug|Any CPU.ActiveCfg = Debug|Any CPU
		{A23FF5D3-7775-4BD3-942A-1F488E339D27}.NightlyDebug|Any CPU.Build.0 = Debug|Any CPU
		{A23FF5D3-7775-4BD3-942A-1F488E339D27}.NightlyDebug|Mixed Platforms.ActiveCfg = Debug|Any CPU
		{A23FF5D3-7775-4BD3-942A-1F488E339D27}.NightlyDebug|Mixed Platforms.Build.0 = Debug|Any CPU
		{A23FF5D3-7775-4BD3-942A-1F488E339D27}.NightlyDebug|Win32.ActiveCfg = Debug|Any CPU
		{A23FF5D3-7775-4BD3-942A-1F488E339D27}.NightlyRelease|Any CPU.ActiveCfg = Release|Any CPU
		{A23FF5D3-7775-4BD3-942A-1F488E339D27}.NightlyRelease|Any CPU.Build.0 = Release|Any CPU
		{A23FF5D3-7775-4BD3-942A-1F488E339D27}.NightlyRelease|Mixed Platforms.ActiveCfg = Release|Any CPU
		{A23FF5D3-7775-4BD3-942A-1F488E339D27}.NightlyRelease|Mixed Platforms.Build.0 = Release|Any CPU
		{A23FF5D3-7775-4BD3-942A-1F488E339D27}.NightlyRelease|Win32.ActiveCfg = Release|Any CPU
		{A23FF5D3-7775-4BD3-942A-1F488E339D27}.Release|Any CPU.ActiveCfg = Release|Any CPU
		{A23FF5D3-7775-4BD3-942A-1F488E339D27}.Release|Any CPU.Build.0 = Release|Any CPU
		{A23FF5D3-7775-4BD3-942A-1F488E339D27}.Release|Mixed Platforms.ActiveCfg = Release|Any CPU
		{A23FF5D3-7775-4BD3-942A-1F488E339D27}.Release|Mixed Platforms.Build.0 = Release|Any CPU
		{A23FF5D3-7775-4BD3-942A-1F488E339D27}.Release|Win32.ActiveCfg = Release|Any CPU
		{D0544C0C-C6ED-4F91-9F3C-9F3A02B8CAB6}.Debug|Any CPU.ActiveCfg = Debug|Any CPU
		{D0544C0C-C6ED-4F91-9F3C-9F3A02B8CAB6}.Debug|Any CPU.Build.0 = Debug|Any CPU
		{D0544C0C-C6ED-4F91-9F3C-9F3A02B8CAB6}.Debug|Mixed Platforms.ActiveCfg = Debug|Any CPU
		{D0544C0C-C6ED-4F91-9F3C-9F3A02B8CAB6}.Debug|Mixed Platforms.Build.0 = Debug|Any CPU
		{D0544C0C-C6ED-4F91-9F3C-9F3A02B8CAB6}.Debug|Win32.ActiveCfg = Debug|Any CPU
		{D0544C0C-C6ED-4F91-9F3C-9F3A02B8CAB6}.NightlyDebug|Any CPU.ActiveCfg = Debug|Any CPU
		{D0544C0C-C6ED-4F91-9F3C-9F3A02B8CAB6}.NightlyDebug|Any CPU.Build.0 = Debug|Any CPU
		{D0544C0C-C6ED-4F91-9F3C-9F3A02B8CAB6}.NightlyDebug|Mixed Platforms.ActiveCfg = Debug|Any CPU
		{D0544C0C-C6ED-4F91-9F3C-9F3A02B8CAB6}.NightlyDebug|Mixed Platforms.Build.0 = Debug|Any CPU
		{D0544C0C-C6ED-4F91-9F3C-9F3A02B8CAB6}.NightlyDebug|Win32.ActiveCfg = Debug|Any CPU
		{D0544C0C-C6ED-4F91-9F3C-9F3A02B8CAB6}.NightlyRelease|Any CPU.ActiveCfg = Release|Any CPU
		{D0544C0C-C6ED-4F91-9F3C-9F3A02B8CAB6}.NightlyRelease|Any CPU.Build.0 = Release|Any CPU
		{D0544C0C-C6ED-4F91-9F3C-9F3A02B8CAB6}.NightlyRelease|Mixed Platforms.ActiveCfg = Release|Any CPU
		{D0544C0C-C6ED-4F91-9F3C-9F3A02B8CAB6}.NightlyRelease|Mixed Platforms.Build.0 = Release|Any CPU
		{D0544C0C-C6ED-4F91-9F3C-9F3A02B8CAB6}.NightlyRelease|Win32.ActiveCfg = Release|Any CPU
		{D0544C0C-C6ED-4F91-9F3C-9F3A02B8CAB6}.Release|Any CPU.ActiveCfg = Release|Any CPU
		{D0544C0C-C6ED-4F91-9F3C-9F3A02B8CAB6}.Release|Any CPU.Build.0 = Release|Any CPU
		{D0544C0C-C6ED-4F91-9F3C-9F3A02B8CAB6}.Release|Mixed Platforms.ActiveCfg = Release|Any CPU
		{D0544C0C-C6ED-4F91-9F3C-9F3A02B8CAB6}.Release|Mixed Platforms.Build.0 = Release|Any CPU
		{D0544C0C-C6ED-4F91-9F3C-9F3A02B8CAB6}.Release|Win32.ActiveCfg = Release|Any CPU
		{0F1AF63F-A46F-4B56-B66B-6FDEDD2BC10E}.Debug|Any CPU.ActiveCfg = Debug|Any CPU
		{0F1AF63F-A46F-4B56-B66B-6FDEDD2BC10E}.Debug|Any CPU.Build.0 = Debug|Any CPU
		{0F1AF63F-A46F-4B56-B66B-6FDEDD2BC10E}.Debug|Mixed Platforms.ActiveCfg = Debug|Any CPU
		{0F1AF63F-A46F-4B56-B66B-6FDEDD2BC10E}.Debug|Mixed Platforms.Build.0 = Debug|Any CPU
		{0F1AF63F-A46F-4B56-B66B-6FDEDD2BC10E}.Debug|Win32.ActiveCfg = Debug|Any CPU
		{0F1AF63F-A46F-4B56-B66B-6FDEDD2BC10E}.NightlyDebug|Any CPU.ActiveCfg = Debug|Any CPU
		{0F1AF63F-A46F-4B56-B66B-6FDEDD2BC10E}.NightlyDebug|Any CPU.Build.0 = Debug|Any CPU
		{0F1AF63F-A46F-4B56-B66B-6FDEDD2BC10E}.NightlyDebug|Mixed Platforms.ActiveCfg = Debug|Any CPU
		{0F1AF63F-A46F-4B56-B66B-6FDEDD2BC10E}.NightlyDebug|Mixed Platforms.Build.0 = Debug|Any CPU
		{0F1AF63F-A46F-4B56-B66B-6FDEDD2BC10E}.NightlyDebug|Win32.ActiveCfg = Debug|Any CPU
		{0F1AF63F-A46F-4B56-B66B-6FDEDD2BC10E}.NightlyRelease|Any CPU.ActiveCfg = Release|Any CPU
		{0F1AF63F-A46F-4B56-B66B-6FDEDD2BC10E}.NightlyRelease|Any CPU.Build.0 = Release|Any CPU
		{0F1AF63F-A46F-4B56-B66B-6FDEDD2BC10E}.NightlyRelease|Mixed Platforms.ActiveCfg = Release|Any CPU
		{0F1AF63F-A46F-4B56-B66B-6FDEDD2BC10E}.NightlyRelease|Mixed Platforms.Build.0 = Release|Any CPU
		{0F1AF63F-A46F-4B56-B66B-6FDEDD2BC10E}.NightlyRelease|Win32.ActiveCfg = Release|Any CPU
		{0F1AF63F-A46F-4B56-B66B-6FDEDD2BC10E}.Release|Any CPU.ActiveCfg = Release|Any CPU
		{0F1AF63F-A46F-4B56-B66B-6FDEDD2BC10E}.Release|Any CPU.Build.0 = Release|Any CPU
		{0F1AF63F-A46F-4B56-B66B-6FDEDD2BC10E}.Release|Mixed Platforms.ActiveCfg = Release|Any CPU
		{0F1AF63F-A46F-4B56-B66B-6FDEDD2BC10E}.Release|Mixed Platforms.Build.0 = Release|Any CPU
		{0F1AF63F-A46F-4B56-B66B-6FDEDD2BC10E}.Release|Win32.ActiveCfg = Release|Any CPU
		{040D7048-7489-408F-8513-1F9EAD4A86BD}.Debug|Any CPU.ActiveCfg = Debug|Any CPU
		{040D7048-7489-408F-8513-1F9EAD4A86BD}.Debug|Any CPU.Build.0 = Debug|Any CPU
		{040D7048-7489-408F-8513-1F9EAD4A86BD}.Debug|Mixed Platforms.ActiveCfg = Debug|Any CPU
		{040D7048-7489-408F-8513-1F9EAD4A86BD}.Debug|Mixed Platforms.Build.0 = Debug|Any CPU
		{040D7048-7489-408F-8513-1F9EAD4A86BD}.Debug|Win32.ActiveCfg = Debug|Any CPU
		{040D7048-7489-408F-8513-1F9EAD4A86BD}.NightlyDebug|Any CPU.ActiveCfg = Debug|Any CPU
		{040D7048-7489-408F-8513-1F9EAD4A86BD}.NightlyDebug|Any CPU.Build.0 = Debug|Any CPU
		{040D7048-7489-408F-8513-1F9EAD4A86BD}.NightlyDebug|Mixed Platforms.ActiveCfg = Debug|Any CPU
		{040D7048-7489-408F-8513-1F9EAD4A86BD}.NightlyDebug|Mixed Platforms.Build.0 = Debug|Any CPU
		{040D7048-7489-408F-8513-1F9EAD4A86BD}.NightlyDebug|Win32.ActiveCfg = Debug|Any CPU
		{040D7048-7489-408F-8513-1F9EAD4A86BD}.NightlyRelease|Any CPU.ActiveCfg = Release|Any CPU
		{040D7048-7489-408F-8513-1F9EAD4A86BD}.NightlyRelease|Any CPU.Build.0 = Release|Any CPU
		{040D7048-7489-408F-8513-1F9EAD4A86BD}.NightlyRelease|Mixed Platforms.ActiveCfg = Release|Any CPU
		{040D7048-7489-408F-8513-1F9EAD4A86BD}.NightlyRelease|Mixed Platforms.Build.0 = Release|Any CPU
		{040D7048-7489-408F-8513-1F9EAD4A86BD}.NightlyRelease|Win32.ActiveCfg = Release|Any CPU
		{040D7048-7489-408F-8513-1F9EAD4A86BD}.Release|Any CPU.ActiveCfg = Release|Any CPU
		{040D7048-7489-408F-8513-1F9EAD4A86BD}.Release|Any CPU.Build.0 = Release|Any CPU
		{040D7048-7489-408F-8513-1F9EAD4A86BD}.Release|Mixed Platforms.ActiveCfg = Release|Any CPU
		{040D7048-7489-408F-8513-1F9EAD4A86BD}.Release|Mixed Platforms.Build.0 = Release|Any CPU
		{040D7048-7489-408F-8513-1F9EAD4A86BD}.Release|Win32.ActiveCfg = Release|Any CPU
		{29651769-4A5F-4C7F-BAA7-4064BA38324D}.Debug|Any CPU.ActiveCfg = Debug|Any CPU
		{29651769-4A5F-4C7F-BAA7-4064BA38324D}.Debug|Any CPU.Build.0 = Debug|Any CPU
		{29651769-4A5F-4C7F-BAA7-4064BA38324D}.Debug|Mixed Platforms.ActiveCfg = Debug|Any CPU
		{29651769-4A5F-4C7F-BAA7-4064BA38324D}.Debug|Mixed Platforms.Build.0 = Debug|Any CPU
		{29651769-4A5F-4C7F-BAA7-4064BA38324D}.Debug|Win32.ActiveCfg = Debug|Any CPU
		{29651769-4A5F-4C7F-BAA7-4064BA38324D}.NightlyDebug|Any CPU.ActiveCfg = Debug|Any CPU
		{29651769-4A5F-4C7F-BAA7-4064BA38324D}.NightlyDebug|Any CPU.Build.0 = Debug|Any CPU
		{29651769-4A5F-4C7F-BAA7-4064BA38324D}.NightlyDebug|Mixed Platforms.ActiveCfg = Debug|Any CPU
		{29651769-4A5F-4C7F-BAA7-4064BA38324D}.NightlyDebug|Mixed Platforms.Build.0 = Debug|Any CPU
		{29651769-4A5F-4C7F-BAA7-4064BA38324D}.NightlyDebug|Win32.ActiveCfg = Debug|Any CPU
		{29651769-4A5F-4C7F-BAA7-4064BA38324D}.NightlyRelease|Any CPU.ActiveCfg = Release|Any CPU
		{29651769-4A5F-4C7F-BAA7-4064BA38324D}.NightlyRelease|Any CPU.Build.0 = Release|Any CPU
		{29651769-4A5F-4C7F-BAA7-4064BA38324D}.NightlyRelease|Mixed Platforms.ActiveCfg = Release|Any CPU
		{29651769-4A5F-4C7F-BAA7-4064BA38324D}.NightlyRelease|Mixed Platforms.Build.0 = Release|Any CPU
		{29651769-4A5F-4C7F-BAA7-4064BA38324D}.NightlyRelease|Win32.ActiveCfg = Release|Any CPU
		{29651769-4A5F-4C7F-BAA7-4064BA38324D}.Release|Any CPU.ActiveCfg = Release|Any CPU
		{29651769-4A5F-4C7F-BAA7-4064BA38324D}.Release|Any CPU.Build.0 = Release|Any CPU
		{29651769-4A5F-4C7F-BAA7-4064BA38324D}.Release|Mixed Platforms.ActiveCfg = Release|Any CPU
		{29651769-4A5F-4C7F-BAA7-4064BA38324D}.Release|Mixed Platforms.Build.0 = Release|Any CPU
		{29651769-4A5F-4C7F-BAA7-4064BA38324D}.Release|Win32.ActiveCfg = Release|Any CPU
		{3CE03E07-26AB-4969-97AD-BDDCE41B0A28}.Debug|Any CPU.ActiveCfg = Debug|Any CPU
		{3CE03E07-26AB-4969-97AD-BDDCE41B0A28}.Debug|Any CPU.Build.0 = Debug|Any CPU
		{3CE03E07-26AB-4969-97AD-BDDCE41B0A28}.Debug|Mixed Platforms.ActiveCfg = Debug|Any CPU
		{3CE03E07-26AB-4969-97AD-BDDCE41B0A28}.Debug|Mixed Platforms.Build.0 = Debug|Any CPU
		{3CE03E07-26AB-4969-97AD-BDDCE41B0A28}.Debug|Win32.ActiveCfg = Debug|Any CPU
		{3CE03E07-26AB-4969-97AD-BDDCE41B0A28}.NightlyDebug|Any CPU.ActiveCfg = Debug|Any CPU
		{3CE03E07-26AB-4969-97AD-BDDCE41B0A28}.NightlyDebug|Any CPU.Build.0 = Debug|Any CPU
		{3CE03E07-26AB-4969-97AD-BDDCE41B0A28}.NightlyDebug|Mixed Platforms.ActiveCfg = Debug|Any CPU
		{3CE03E07-26AB-4969-97AD-BDDCE41B0A28}.NightlyDebug|Mixed Platforms.Build.0 = Debug|Any CPU
		{3CE03E07-26AB-4969-97AD-BDDCE41B0A28}.NightlyDebug|Win32.ActiveCfg = Debug|Any CPU
		{3CE03E07-26AB-4969-97AD-BDDCE41B0A28}.NightlyRelease|Any CPU.ActiveCfg = Release|Any CPU
		{3CE03E07-26AB-4969-97AD-BDDCE41B0A28}.NightlyRelease|Any CPU.Build.0 = Release|Any CPU
		{3CE03E07-26AB-4969-97AD-BDDCE41B0A28}.NightlyRelease|Mixed Platforms.ActiveCfg = Release|Any CPU
		{3CE03E07-26AB-4969-97AD-BDDCE41B0A28}.NightlyRelease|Mixed Platforms.Build.0 = Release|Any CPU
		{3CE03E07-26AB-4969-97AD-BDDCE41B0A28}.NightlyRelease|Win32.ActiveCfg = Release|Any CPU
		{3CE03E07-26AB-4969-97AD-BDDCE41B0A28}.Release|Any CPU.ActiveCfg = Release|Any CPU
		{3CE03E07-26AB-4969-97AD-BDDCE41B0A28}.Release|Any CPU.Build.0 = Release|Any CPU
		{3CE03E07-26AB-4969-97AD-BDDCE41B0A28}.Release|Mixed Platforms.ActiveCfg = Release|Any CPU
		{3CE03E07-26AB-4969-97AD-BDDCE41B0A28}.Release|Mixed Platforms.Build.0 = Release|Any CPU
		{3CE03E07-26AB-4969-97AD-BDDCE41B0A28}.Release|Win32.ActiveCfg = Release|Any CPU
		{58F55EE8-F35F-427F-B4C3-F650A9843485}.Debug|Any CPU.ActiveCfg = Debug|Any CPU
		{58F55EE8-F35F-427F-B4C3-F650A9843485}.Debug|Any CPU.Build.0 = Debug|Any CPU
		{58F55EE8-F35F-427F-B4C3-F650A9843485}.Debug|Mixed Platforms.ActiveCfg = Debug|Any CPU
		{58F55EE8-F35F-427F-B4C3-F650A9843485}.Debug|Mixed Platforms.Build.0 = Debug|Any CPU
		{58F55EE8-F35F-427F-B4C3-F650A9843485}.Debug|Win32.ActiveCfg = Debug|Any CPU
		{58F55EE8-F35F-427F-B4C3-F650A9843485}.NightlyDebug|Any CPU.ActiveCfg = Debug|Any CPU
		{58F55EE8-F35F-427F-B4C3-F650A9843485}.NightlyDebug|Any CPU.Build.0 = Debug|Any CPU
		{58F55EE8-F35F-427F-B4C3-F650A9843485}.NightlyDebug|Mixed Platforms.ActiveCfg = Debug|Any CPU
		{58F55EE8-F35F-427F-B4C3-F650A9843485}.NightlyDebug|Mixed Platforms.Build.0 = Debug|Any CPU
		{58F55EE8-F35F-427F-B4C3-F650A9843485}.NightlyDebug|Win32.ActiveCfg = Debug|Any CPU
		{58F55EE8-F35F-427F-B4C3-F650A9843485}.NightlyRelease|Any CPU.ActiveCfg = Release|Any CPU
		{58F55EE8-F35F-427F-B4C3-F650A9843485}.NightlyRelease|Any CPU.Build.0 = Release|Any CPU
		{58F55EE8-F35F-427F-B4C3-F650A9843485}.NightlyRelease|Mixed Platforms.ActiveCfg = Release|Any CPU
		{58F55EE8-F35F-427F-B4C3-F650A9843485}.NightlyRelease|Mixed Platforms.Build.0 = Release|Any CPU
		{58F55EE8-F35F-427F-B4C3-F650A9843485}.NightlyRelease|Win32.ActiveCfg = Release|Any CPU
		{58F55EE8-F35F-427F-B4C3-F650A9843485}.Release|Any CPU.ActiveCfg = Release|Any CPU
		{58F55EE8-F35F-427F-B4C3-F650A9843485}.Release|Any CPU.Build.0 = Release|Any CPU
		{58F55EE8-F35F-427F-B4C3-F650A9843485}.Release|Mixed Platforms.ActiveCfg = Release|Any CPU
		{58F55EE8-F35F-427F-B4C3-F650A9843485}.Release|Mixed Platforms.Build.0 = Release|Any CPU
		{58F55EE8-F35F-427F-B4C3-F650A9843485}.Release|Win32.ActiveCfg = Release|Any CPU
		{19CF9E68-12F6-4249-ADE9-D9D7EC18F41D}.Debug|Any CPU.ActiveCfg = Debug|Any CPU
		{19CF9E68-12F6-4249-ADE9-D9D7EC18F41D}.Debug|Any CPU.Build.0 = Debug|Any CPU
		{19CF9E68-12F6-4249-ADE9-D9D7EC18F41D}.Debug|Mixed Platforms.ActiveCfg = Debug|Any CPU
		{19CF9E68-12F6-4249-ADE9-D9D7EC18F41D}.Debug|Mixed Platforms.Build.0 = Debug|Any CPU
		{19CF9E68-12F6-4249-ADE9-D9D7EC18F41D}.Debug|Win32.ActiveCfg = Debug|Any CPU
		{19CF9E68-12F6-4249-ADE9-D9D7EC18F41D}.NightlyDebug|Any CPU.ActiveCfg = Debug|Any CPU
		{19CF9E68-12F6-4249-ADE9-D9D7EC18F41D}.NightlyDebug|Any CPU.Build.0 = Debug|Any CPU
		{19CF9E68-12F6-4249-ADE9-D9D7EC18F41D}.NightlyDebug|Mixed Platforms.ActiveCfg = Debug|Any CPU
		{19CF9E68-12F6-4249-ADE9-D9D7EC18F41D}.NightlyDebug|Mixed Platforms.Build.0 = Debug|Any CPU
		{19CF9E68-12F6-4249-ADE9-D9D7EC18F41D}.NightlyDebug|Win32.ActiveCfg = Debug|Any CPU
		{19CF9E68-12F6-4249-ADE9-D9D7EC18F41D}.NightlyRelease|Any CPU.ActiveCfg = Release|Any CPU
		{19CF9E68-12F6-4249-ADE9-D9D7EC18F41D}.NightlyRelease|Any CPU.Build.0 = Release|Any CPU
		{19CF9E68-12F6-4249-ADE9-D9D7EC18F41D}.NightlyRelease|Mixed Platforms.ActiveCfg = Release|Any CPU
		{19CF9E68-12F6-4249-ADE9-D9D7EC18F41D}.NightlyRelease|Mixed Platforms.Build.0 = Release|Any CPU
		{19CF9E68-12F6-4249-ADE9-D9D7EC18F41D}.NightlyRelease|Win32.ActiveCfg = Release|Any CPU
		{19CF9E68-12F6-4249-ADE9-D9D7EC18F41D}.Release|Any CPU.ActiveCfg = Release|Any CPU
		{19CF9E68-12F6-4249-ADE9-D9D7EC18F41D}.Release|Any CPU.Build.0 = Release|Any CPU
		{19CF9E68-12F6-4249-ADE9-D9D7EC18F41D}.Release|Mixed Platforms.ActiveCfg = Release|Any CPU
		{19CF9E68-12F6-4249-ADE9-D9D7EC18F41D}.Release|Mixed Platforms.Build.0 = Release|Any CPU
		{19CF9E68-12F6-4249-ADE9-D9D7EC18F41D}.Release|Win32.ActiveCfg = Release|Any CPU
		{CAB0EED0-564C-4981-97BC-497AB7D13433}.Debug|Any CPU.ActiveCfg = Debug|Win32
		{CAB0EED0-564C-4981-97BC-497AB7D13433}.Debug|Mixed Platforms.ActiveCfg = Debug|Win32
		{CAB0EED0-564C-4981-97BC-497AB7D13433}.Debug|Mixed Platforms.Build.0 = Debug|Win32
		{CAB0EED0-564C-4981-97BC-497AB7D13433}.Debug|Win32.ActiveCfg = Debug|Win32
		{CAB0EED0-564C-4981-97BC-497AB7D13433}.Debug|Win32.Build.0 = Debug|Win32
		{CAB0EED0-564C-4981-97BC-497AB7D13433}.NightlyDebug|Any CPU.ActiveCfg = Debug|Win32
		{CAB0EED0-564C-4981-97BC-497AB7D13433}.NightlyDebug|Mixed Platforms.ActiveCfg = Debug|Win32
		{CAB0EED0-564C-4981-97BC-497AB7D13433}.NightlyDebug|Mixed Platforms.Build.0 = Debug|Win32
		{CAB0EED0-564C-4981-97BC-497AB7D13433}.NightlyDebug|Win32.ActiveCfg = Debug|Win32
		{CAB0EED0-564C-4981-97BC-497AB7D13433}.NightlyDebug|Win32.Build.0 = Debug|Win32
		{CAB0EED0-564C-4981-97BC-497AB7D13433}.NightlyRelease|Any CPU.ActiveCfg = Release|Win32
		{CAB0EED0-564C-4981-97BC-497AB7D13433}.NightlyRelease|Mixed Platforms.ActiveCfg = Release|Win32
		{CAB0EED0-564C-4981-97BC-497AB7D13433}.NightlyRelease|Mixed Platforms.Build.0 = Release|Win32
		{CAB0EED0-564C-4981-97BC-497AB7D13433}.NightlyRelease|Win32.ActiveCfg = Release|Win32
		{CAB0EED0-564C-4981-97BC-497AB7D13433}.NightlyRelease|Win32.Build.0 = Release|Win32
		{CAB0EED0-564C-4981-97BC-497AB7D13433}.Release|Any CPU.ActiveCfg = Release|Win32
		{CAB0EED0-564C-4981-97BC-497AB7D13433}.Release|Mixed Platforms.ActiveCfg = Release|Win32
		{CAB0EED0-564C-4981-97BC-497AB7D13433}.Release|Mixed Platforms.Build.0 = Release|Win32
		{CAB0EED0-564C-4981-97BC-497AB7D13433}.Release|Win32.ActiveCfg = Release|Win32
		{CAB0EED0-564C-4981-97BC-497AB7D13433}.Release|Win32.Build.0 = Release|Win32
		{BD186581-19B6-4B6D-BC42-4A503732EDB9}.Debug|Any CPU.ActiveCfg = Debug|Any CPU
		{BD186581-19B6-4B6D-BC42-4A503732EDB9}.Debug|Any CPU.Build.0 = Debug|Any CPU
		{BD186581-19B6-4B6D-BC42-4A503732EDB9}.Debug|Mixed Platforms.ActiveCfg = Debug|Any CPU
		{BD186581-19B6-4B6D-BC42-4A503732EDB9}.Debug|Mixed Platforms.Build.0 = Debug|Any CPU
		{BD186581-19B6-4B6D-BC42-4A503732EDB9}.Debug|Win32.ActiveCfg = Debug|Any CPU
		{BD186581-19B6-4B6D-BC42-4A503732EDB9}.NightlyDebug|Any CPU.ActiveCfg = Debug|Any CPU
		{BD186581-19B6-4B6D-BC42-4A503732EDB9}.NightlyDebug|Any CPU.Build.0 = Debug|Any CPU
		{BD186581-19B6-4B6D-BC42-4A503732EDB9}.NightlyDebug|Mixed Platforms.ActiveCfg = Debug|Any CPU
		{BD186581-19B6-4B6D-BC42-4A503732EDB9}.NightlyDebug|Mixed Platforms.Build.0 = Debug|Any CPU
		{BD186581-19B6-4B6D-BC42-4A503732EDB9}.NightlyDebug|Win32.ActiveCfg = Debug|Any CPU
		{BD186581-19B6-4B6D-BC42-4A503732EDB9}.NightlyRelease|Any CPU.ActiveCfg = Release|Any CPU
		{BD186581-19B6-4B6D-BC42-4A503732EDB9}.NightlyRelease|Any CPU.Build.0 = Release|Any CPU
		{BD186581-19B6-4B6D-BC42-4A503732EDB9}.NightlyRelease|Mixed Platforms.ActiveCfg = Release|Any CPU
		{BD186581-19B6-4B6D-BC42-4A503732EDB9}.NightlyRelease|Mixed Platforms.Build.0 = Release|Any CPU
		{BD186581-19B6-4B6D-BC42-4A503732EDB9}.NightlyRelease|Win32.ActiveCfg = Release|Any CPU
		{BD186581-19B6-4B6D-BC42-4A503732EDB9}.Release|Any CPU.ActiveCfg = Release|Any CPU
		{BD186581-19B6-4B6D-BC42-4A503732EDB9}.Release|Any CPU.Build.0 = Release|Any CPU
		{BD186581-19B6-4B6D-BC42-4A503732EDB9}.Release|Mixed Platforms.ActiveCfg = Release|Any CPU
		{BD186581-19B6-4B6D-BC42-4A503732EDB9}.Release|Mixed Platforms.Build.0 = Release|Any CPU
		{BD186581-19B6-4B6D-BC42-4A503732EDB9}.Release|Win32.ActiveCfg = Release|Any CPU
		{70E7C19D-0DFA-4382-B4BD-45AD687B11DA}.Debug|Any CPU.ActiveCfg = Debug|Any CPU
		{70E7C19D-0DFA-4382-B4BD-45AD687B11DA}.Debug|Any CPU.Build.0 = Debug|Any CPU
		{70E7C19D-0DFA-4382-B4BD-45AD687B11DA}.Debug|Mixed Platforms.ActiveCfg = Debug|Any CPU
		{70E7C19D-0DFA-4382-B4BD-45AD687B11DA}.Debug|Mixed Platforms.Build.0 = Debug|Any CPU
		{70E7C19D-0DFA-4382-B4BD-45AD687B11DA}.Debug|Win32.ActiveCfg = Debug|Any CPU
		{70E7C19D-0DFA-4382-B4BD-45AD687B11DA}.NightlyDebug|Any CPU.ActiveCfg = Debug|Any CPU
		{70E7C19D-0DFA-4382-B4BD-45AD687B11DA}.NightlyDebug|Any CPU.Build.0 = Debug|Any CPU
		{70E7C19D-0DFA-4382-B4BD-45AD687B11DA}.NightlyDebug|Mixed Platforms.ActiveCfg = Debug|Any CPU
		{70E7C19D-0DFA-4382-B4BD-45AD687B11DA}.NightlyDebug|Mixed Platforms.Build.0 = Debug|Any CPU
		{70E7C19D-0DFA-4382-B4BD-45AD687B11DA}.NightlyDebug|Win32.ActiveCfg = Debug|Any CPU
		{70E7C19D-0DFA-4382-B4BD-45AD687B11DA}.NightlyRelease|Any CPU.ActiveCfg = Release|Any CPU
		{70E7C19D-0DFA-4382-B4BD-45AD687B11DA}.NightlyRelease|Any CPU.Build.0 = Release|Any CPU
		{70E7C19D-0DFA-4382-B4BD-45AD687B11DA}.NightlyRelease|Mixed Platforms.ActiveCfg = Release|Any CPU
		{70E7C19D-0DFA-4382-B4BD-45AD687B11DA}.NightlyRelease|Mixed Platforms.Build.0 = Release|Any CPU
		{70E7C19D-0DFA-4382-B4BD-45AD687B11DA}.NightlyRelease|Win32.ActiveCfg = Release|Any CPU
		{70E7C19D-0DFA-4382-B4BD-45AD687B11DA}.Release|Any CPU.ActiveCfg = Release|Any CPU
		{70E7C19D-0DFA-4382-B4BD-45AD687B11DA}.Release|Any CPU.Build.0 = Release|Any CPU
		{70E7C19D-0DFA-4382-B4BD-45AD687B11DA}.Release|Mixed Platforms.ActiveCfg = Release|Any CPU
		{70E7C19D-0DFA-4382-B4BD-45AD687B11DA}.Release|Mixed Platforms.Build.0 = Release|Any CPU
		{70E7C19D-0DFA-4382-B4BD-45AD687B11DA}.Release|Win32.ActiveCfg = Release|Any CPU
	EndGlobalSection
	GlobalSection(SolutionProperties) = preSolution
		HideSolutionNode = FALSE
	EndGlobalSection
	GlobalSection(NestedProjects) = preSolution
		{CA610267-3E64-42EF-96C6-B065EEAB1EAB} = {739D8218-9E6D-4C44-B8B3-AB335A2412CE}
		{FDE14385-074E-44A5-842F-8343E8D6F6B7} = {739D8218-9E6D-4C44-B8B3-AB335A2412CE}
		{B855D039-8A27-419D-9A81-86FF93227E31} = {04D33EB9-17AC-46B9-BF93-99C57F2F802E}
		{B2144FB2-68AD-4F94-B53E-DCCF827115C8} = {04D33EB9-17AC-46B9-BF93-99C57F2F802E}
		{AB567043-8047-4CB4-863C-F7FBAB4E239A} = {04D33EB9-17AC-46B9-BF93-99C57F2F802E}
		{DA1D75C4-D0AA-474C-8773-6D90C9319D67} = {04D33EB9-17AC-46B9-BF93-99C57F2F802E}
		{CDB01DBB-FD43-40F4-98F0-F5401E8C5919} = {04D33EB9-17AC-46B9-BF93-99C57F2F802E}
		{A23FF5D3-7775-4BD3-942A-1F488E339D27} = {04D33EB9-17AC-46B9-BF93-99C57F2F802E}
		{D0544C0C-C6ED-4F91-9F3C-9F3A02B8CAB6} = {04D33EB9-17AC-46B9-BF93-99C57F2F802E}
		{5B244ED6-BCC5-4FEE-A8DF-8B546F368F3F} = {04D33EB9-17AC-46B9-BF93-99C57F2F802E}
		{CAB0EED0-564C-4981-97BC-497AB7D13433} = {04D33EB9-17AC-46B9-BF93-99C57F2F802E}
		{4A34A3C5-6176-49D7-A4C5-B2B671247F8F} = {CA610267-3E64-42EF-96C6-B065EEAB1EAB}
		{4B0054FD-124A-4037-9965-BDB55E6BF389} = {CA610267-3E64-42EF-96C6-B065EEAB1EAB}
		{33CAB640-0D03-43DF-81BD-22CDC6C0A597} = {CA610267-3E64-42EF-96C6-B065EEAB1EAB}
		{319E151C-8F33-49E7-81C9-30F02F9BA90A} = {CA610267-3E64-42EF-96C6-B065EEAB1EAB}
		{08156C78-403A-4112-AD81-8646AC51CD2F} = {CA610267-3E64-42EF-96C6-B065EEAB1EAB}
		{34B9A0CE-DF18-4CBC-8F7A-90C2B74338D5} = {CA610267-3E64-42EF-96C6-B065EEAB1EAB}
		{304A8B0B-851B-4AA6-A17D-5F87F39C5E5C} = {CA610267-3E64-42EF-96C6-B065EEAB1EAB}
		{A6A31B03-7C3D-4DE6-AA73-BE88116BC40A} = {CA610267-3E64-42EF-96C6-B065EEAB1EAB}
		{6D83F687-ABB5-40B3-915E-CA53DA0EB7F3} = {CA610267-3E64-42EF-96C6-B065EEAB1EAB}
		{15FF2982-EBD1-45DC-8FDF-4D901236E3D9} = {FDE14385-074E-44A5-842F-8343E8D6F6B7}
		{319E150C-8F33-49E7-81CA-30F02F9BA90A} = {FDE14385-074E-44A5-842F-8343E8D6F6B7}
		{035FEA7F-0D36-4AE4-B694-EC45191B9AF2} = {FDE14385-074E-44A5-842F-8343E8D6F6B7}
		{B98C89CF-BF3E-405C-88DE-D60AE4AADA15} = {FDE14385-074E-44A5-842F-8343E8D6F6B7}
		{CEB76EA1-A168-49B0-A410-2C4195FEE86F} = {FDE14385-074E-44A5-842F-8343E8D6F6B7}
		{CD8E4A51-E4D2-4779-B818-5C59D6E6F6B0} = {5B244ED6-BCC5-4FEE-A8DF-8B546F368F3F}
		{6FFDDDE7-4B33-4CDB-92F3-21A0807E866D} = {5B244ED6-BCC5-4FEE-A8DF-8B546F368F3F}
		{78187C99-15DA-4001-92E7-01A103DA739D} = {5B244ED6-BCC5-4FEE-A8DF-8B546F368F3F}
		{0F1AF63F-A46F-4B56-B66B-6FDEDD2BC10E} = {CD8E4A51-E4D2-4779-B818-5C59D6E6F6B0}
		{040D7048-7489-408F-8513-1F9EAD4A86BD} = {CD8E4A51-E4D2-4779-B818-5C59D6E6F6B0}
		{3CE03E07-26AB-4969-97AD-BDDCE41B0A28} = {6FFDDDE7-4B33-4CDB-92F3-21A0807E866D}
		{58F55EE8-F35F-427F-B4C3-F650A9843485} = {6FFDDDE7-4B33-4CDB-92F3-21A0807E866D}
		{19CF9E68-12F6-4249-ADE9-D9D7EC18F41D} = {6FFDDDE7-4B33-4CDB-92F3-21A0807E866D}
		{29651769-4A5F-4C7F-BAA7-4064BA38324D} = {78187C99-15DA-4001-92E7-01A103DA739D}
		{BD186581-19B6-4B6D-BC42-4A503732EDB9} = {94B7CD92-D066-483C-9AE3-7A82F73A48D9}
		{70E7C19D-0DFA-4382-B4BD-45AD687B11DA} = {94B7CD92-D066-483C-9AE3-7A82F73A48D9}
	EndGlobalSection
EndGlobal
