
Microsoft Visual Studio Solution File, Format Version 11.00
# Visual Studio 2010
Project("{2150E333-8FDC-42A3-9474-1A3956D46DE8}") = "Cci", "Cci", "{739D8218-9E6D-4C44-B8B3-AB335A2412CE}"
EndProject
Project("{2150E333-8FDC-42A3-9474-1A3956D46DE8}") = "Vcc", "Vcc", "{04D33EB9-17AC-46B9-BF93-99C57F2F802E}"
EndProject
Project("{2150E333-8FDC-42A3-9474-1A3956D46DE8}") = "Metadata", "Metadata", "{CA610267-3E64-42EF-96C6-B065EEAB1EAB}"
EndProject
Project("{2150E333-8FDC-42A3-9474-1A3956D46DE8}") = "Ast", "Ast", "{FDE14385-074E-44A5-842F-8343E8D6F6B7}"
EndProject
Project("{2150E333-8FDC-42A3-9474-1A3956D46DE8}") = "Tools", "Tools", "{5B244ED6-BCC5-4FEE-A8DF-8B546F368F3F}"
EndProject
Project("{2150E333-8FDC-42A3-9474-1A3956D46DE8}") = "VsAddIn", "VsAddIn", "{CD8E4A51-E4D2-4779-B818-5C59D6E6F6B0}"
EndProject
Project("{2150E333-8FDC-42A3-9474-1A3956D46DE8}") = "ModelViewer", "ModelViewer", "{6FFDDDE7-4B33-4CDB-92F3-21A0807E866D}"
EndProject
Project("{2150E333-8FDC-42A3-9474-1A3956D46DE8}") = "AxiomProfiler", "AxiomProfiler", "{78187C99-15DA-4001-92E7-01A103DA739D}"
EndProject
Project("{2150E333-8FDC-42A3-9474-1A3956D46DE8}") = "Verified Assembler", "Verified Assembler", "{94B7CD92-D066-483C-9AE3-7A82F73A48D9}"
EndProject
Project("{2150E333-8FDC-42A3-9474-1A3956D46DE8}") = "Plugins", "Plugins", "{DA640BE6-815D-4B31-B04A-B616F85AA102}"
EndProject
Project("{2150E333-8FDC-42A3-9474-1A3956D46DE8}") = "Solution Items", "Solution Items", "{71D5CA0F-17DC-4743-B427-C9014592D3AC}"
	ProjectSection(SolutionItems) = preProject
		LocalTestRun.testrunconfig = LocalTestRun.testrunconfig
		Vcc.vsmdi = Vcc.vsmdi
	EndProjectSection
EndProject
Project("{FAE04EC0-301F-11D3-BF4B-00C04F79EFBC}") = "MetadataModel", "cci\Metadata\Sources\MetadataModel\MetadataModel.csproj", "{33CAB640-0D03-43DF-81BD-22CDC6C0A597}"
EndProject
Project("{FAE04EC0-301F-11D3-BF4B-00C04F79EFBC}") = "MetadataHelper", "cci\Metadata\Sources\MetadataHelper\MetadataHelper.csproj", "{4A34A3C5-6176-49D7-A4C5-B2B671247F8F}"
EndProject
Project("{FAE04EC0-301F-11D3-BF4B-00C04F79EFBC}") = "SourceModel", "cci\Metadata\Sources\SourceModel\SourceModel.csproj", "{4B0054FD-124A-4037-9965-BDB55E6BF389}"
EndProject
Project("{FAE04EC0-301F-11D3-BF4B-00C04F79EFBC}") = "VccCore", "vcc\Core\VccCore.csproj", "{B855D039-8A27-419D-9A81-86FF93227E31}"
EndProject
Project("{FAE04EC0-301F-11D3-BF4B-00C04F79EFBC}") = "MutableMetadataModel", "cci\Metadata\Sources\MutableMetadataModel\MutableMetadataModel.csproj", "{319E151C-8F33-49E7-81C9-30F02F9BA90A}"
EndProject
Project("{FAE04EC0-301F-11D3-BF4B-00C04F79EFBC}") = "ILGenerator", "cci\Metadata\Sources\ILGenerator\ILGenerator.csproj", "{08156C78-403A-4112-AD81-8646AC51CD2F}"
EndProject
Project("{FAE04EC0-301F-11D3-BF4B-00C04F79EFBC}") = "PeReader", "cci\Metadata\Sources\PeReader\PeReader.csproj", "{34B9A0CE-DF18-4CBC-8F7A-90C2B74338D5}"
EndProject
Project("{FAE04EC0-301F-11D3-BF4B-00C04F79EFBC}") = "AstsProjectedAsCodeModel", "cci\Sources\AstsProjectedAsCodeModel\AstsProjectedAsCodeModel.csproj", "{15FF2982-EBD1-45DC-8FDF-4D901236E3D9}"
EndProject
Project("{FAE04EC0-301F-11D3-BF4B-00C04F79EFBC}") = "MutableCodeModel", "cci\Sources\MutableCodeModel\MutableCodeModel.csproj", "{319E150C-8F33-49E7-81CA-30F02F9BA90A}"
EndProject
Project("{FAE04EC0-301F-11D3-BF4B-00C04F79EFBC}") = "CodeModel", "cci\Sources\CodeModel\CodeModel.csproj", "{035FEA7F-0D36-4AE4-B694-EC45191B9AF2}"
EndProject
Project("{FAE04EC0-301F-11D3-BF4B-00C04F79EFBC}") = "CodeModelToIL", "cci\Sources\CodeModelToIL\CodeModelToIL.csproj", "{CEB76EA1-A168-49B0-A410-2C4195FEE86F}"
EndProject
Project("{FAE04EC0-301F-11D3-BF4B-00C04F79EFBC}") = "CodeModel2VccHelper", "vcc\CodeModel2VccHelper\CodeModel2VccHelper.csproj", "{B2144FB2-68AD-4F94-B53E-DCCF827115C8}"
EndProject
Project("{F2A71F9B-5D33-465A-A702-920D77279786}") = "CodeModel2Vcc", "vcc\CodeModel2Vcc\CodeModel2Vcc.fsproj", "{AB567043-8047-4CB4-863C-F7FBAB4E239A}"
EndProject
Project("{8BC9CEB8-8B4A-11D0-8D11-00A0C91BC942}") = "Headers", "vcc\Headers\Headers.vcxproj", "{DA1D75C4-D0AA-474C-8773-6D90C9319D67}"
EndProject
Project("{F2A71F9B-5D33-465A-A702-920D77279786}") = "VccTranslator", "vcc\Translator\VccTranslator.fsproj", "{CDB01DBB-FD43-40F4-98F0-F5401E8C5919}"
EndProject
Project("{FAE04EC0-301F-11D3-BF4B-00C04F79EFBC}") = "VccHost", "vcc\Host\VccHost.csproj", "{A23FF5D3-7775-4BD3-942A-1F488E339D27}"
EndProject
Project("{FAE04EC0-301F-11D3-BF4B-00C04F79EFBC}") = "VccRuntime", "vcc\Runtime\VccRuntime.csproj", "{D0544C0C-C6ED-4F91-9F3C-9F3A02B8CAB6}"
EndProject
Project("{FAE04EC0-301F-11D3-BF4B-00C04F79EFBC}") = "VccAddin", "vcc\AddIn\VCCAddin\VccAddin.csproj", "{0F1AF63F-A46F-4B56-B66B-6FDEDD2BC10E}"
EndProject
Project("{FAE04EC0-301F-11D3-BF4B-00C04F79EFBC}") = "Z3AxiomProfiler", "vcc\Tools\Z3Visualizer\Z3Visualizer\Z3AxiomProfiler.csproj", "{29651769-4A5F-4C7F-BAA7-4064BA38324D}"
EndProject
Project("{FAE04EC0-301F-11D3-BF4B-00C04F79EFBC}") = "Z3ModelParser", "vcc\Tools\ModelViewer\Z3ModelParser\Z3ModelParser.csproj", "{3CE03E07-26AB-4969-97AD-BDDCE41B0A28}"
EndProject
Project("{FAE04EC0-301F-11D3-BF4B-00C04F79EFBC}") = "VccModel", "vcc\Tools\ModelViewer\Model\VccModel.csproj", "{58F55EE8-F35F-427F-B4C3-F650A9843485}"
EndProject
Project("{FAE04EC0-301F-11D3-BF4B-00C04F79EFBC}") = "VccModelViewer", "vcc\Tools\ModelViewer\ModelViewer\VccModelViewer.csproj", "{19CF9E68-12F6-4249-ADE9-D9D7EC18F41D}"
EndProject
Project("{8BC9CEB8-8B4A-11D0-8D11-00A0C91BC942}") = "Samples", "vcc\Test\Samples.vcxproj", "{CAB0EED0-564C-4981-97BC-497AB7D13433}"
EndProject
Project("{F2A71F9B-5D33-465A-A702-920D77279786}") = "DumpCodeInfo", "vcc\Plugins\Vcc2Plugins\DumpCodeInfo\DumpCodeInfo.fsproj", "{D1F50345-A995-49EC-9DDA-DD06F8F3566D}"
EndProject
Project("{FAE04EC0-301F-11D3-BF4B-00C04F79EFBC}") = "Coverage", "vcc\Test\Coverage\Coverage.csproj", "{C21060C0-8929-4DC5-AC09-06EA5090AC7E}"
EndProject
Project("{F2A71F9B-5D33-465A-A702-920D77279786}") = "Ast", "vcc\Ast\Ast.fsproj", "{C5203B00-B561-48F9-B56D-C4477A27EA01}"
EndProject
Project("{2150E333-8FDC-42A3-9474-1A3956D46DE8}") = "VS2010 Extension", "VS2010 Extension", "{5D0A2F9B-C37E-4E1C-BF01-10DCFA9E2FC2}"
EndProject
Project("{FAE04EC0-301F-11D3-BF4B-00C04F79EFBC}") = "VSPackage", "VSPackage\VSPackage.csproj", "{3090CDC7-C76B-4DDB-96F9-AB7D36CA5F32}"
EndProject
Global
	GlobalSection(TestCaseManagementSettings) = postSolution
		CategoryFile = Vcc.vsmdi
	EndGlobalSection
	GlobalSection(SolutionConfigurationPlatforms) = preSolution
		CompilerOnly|Any CPU = CompilerOnly|Any CPU
		CompilerOnly|Mixed Platforms = CompilerOnly|Mixed Platforms
		CompilerOnly|Win32 = CompilerOnly|Win32
		Debug|Any CPU = Debug|Any CPU
		Debug|Mixed Platforms = Debug|Mixed Platforms
		Debug|Win32 = Debug|Win32
		Release|Any CPU = Release|Any CPU
		Release|Mixed Platforms = Release|Mixed Platforms
		Release|Win32 = Release|Win32
	EndGlobalSection
	GlobalSection(ProjectConfigurationPlatforms) = postSolution
		{33CAB640-0D03-43DF-81BD-22CDC6C0A597}.CompilerOnly|Any CPU.ActiveCfg = CompilerOnly|Any CPU
		{33CAB640-0D03-43DF-81BD-22CDC6C0A597}.CompilerOnly|Any CPU.Build.0 = CompilerOnly|Any CPU
		{33CAB640-0D03-43DF-81BD-22CDC6C0A597}.CompilerOnly|Mixed Platforms.ActiveCfg = CompilerOnly|Any CPU
		{33CAB640-0D03-43DF-81BD-22CDC6C0A597}.CompilerOnly|Mixed Platforms.Build.0 = CompilerOnly|Any CPU
		{33CAB640-0D03-43DF-81BD-22CDC6C0A597}.CompilerOnly|Win32.ActiveCfg = CompilerOnly|Any CPU
		{33CAB640-0D03-43DF-81BD-22CDC6C0A597}.Debug|Any CPU.ActiveCfg = Debug|Any CPU
		{33CAB640-0D03-43DF-81BD-22CDC6C0A597}.Debug|Any CPU.Build.0 = Debug|Any CPU
		{33CAB640-0D03-43DF-81BD-22CDC6C0A597}.Debug|Mixed Platforms.ActiveCfg = Debug|Any CPU
		{33CAB640-0D03-43DF-81BD-22CDC6C0A597}.Debug|Mixed Platforms.Build.0 = Debug|Any CPU
		{33CAB640-0D03-43DF-81BD-22CDC6C0A597}.Debug|Win32.ActiveCfg = Debug|Any CPU
		{33CAB640-0D03-43DF-81BD-22CDC6C0A597}.Release|Any CPU.ActiveCfg = Release|Any CPU
		{33CAB640-0D03-43DF-81BD-22CDC6C0A597}.Release|Any CPU.Build.0 = Release|Any CPU
		{33CAB640-0D03-43DF-81BD-22CDC6C0A597}.Release|Mixed Platforms.ActiveCfg = Release|Any CPU
		{33CAB640-0D03-43DF-81BD-22CDC6C0A597}.Release|Mixed Platforms.Build.0 = Release|Any CPU
		{33CAB640-0D03-43DF-81BD-22CDC6C0A597}.Release|Win32.ActiveCfg = Release|Any CPU
		{4A34A3C5-6176-49D7-A4C5-B2B671247F8F}.CompilerOnly|Any CPU.ActiveCfg = CompilerOnly|Any CPU
		{4A34A3C5-6176-49D7-A4C5-B2B671247F8F}.CompilerOnly|Any CPU.Build.0 = CompilerOnly|Any CPU
		{4A34A3C5-6176-49D7-A4C5-B2B671247F8F}.CompilerOnly|Mixed Platforms.ActiveCfg = CompilerOnly|Any CPU
		{4A34A3C5-6176-49D7-A4C5-B2B671247F8F}.CompilerOnly|Mixed Platforms.Build.0 = CompilerOnly|Any CPU
		{4A34A3C5-6176-49D7-A4C5-B2B671247F8F}.CompilerOnly|Win32.ActiveCfg = CompilerOnly|Any CPU
		{4A34A3C5-6176-49D7-A4C5-B2B671247F8F}.Debug|Any CPU.ActiveCfg = Debug|Any CPU
		{4A34A3C5-6176-49D7-A4C5-B2B671247F8F}.Debug|Any CPU.Build.0 = Debug|Any CPU
		{4A34A3C5-6176-49D7-A4C5-B2B671247F8F}.Debug|Mixed Platforms.ActiveCfg = Debug|Any CPU
		{4A34A3C5-6176-49D7-A4C5-B2B671247F8F}.Debug|Mixed Platforms.Build.0 = Debug|Any CPU
		{4A34A3C5-6176-49D7-A4C5-B2B671247F8F}.Debug|Win32.ActiveCfg = Debug|Any CPU
		{4A34A3C5-6176-49D7-A4C5-B2B671247F8F}.Release|Any CPU.ActiveCfg = Release|Any CPU
		{4A34A3C5-6176-49D7-A4C5-B2B671247F8F}.Release|Any CPU.Build.0 = Release|Any CPU
		{4A34A3C5-6176-49D7-A4C5-B2B671247F8F}.Release|Mixed Platforms.ActiveCfg = Release|Any CPU
		{4A34A3C5-6176-49D7-A4C5-B2B671247F8F}.Release|Mixed Platforms.Build.0 = Release|Any CPU
		{4A34A3C5-6176-49D7-A4C5-B2B671247F8F}.Release|Win32.ActiveCfg = Release|Any CPU
		{4B0054FD-124A-4037-9965-BDB55E6BF389}.CompilerOnly|Any CPU.ActiveCfg = CompilerOnly|Any CPU
		{4B0054FD-124A-4037-9965-BDB55E6BF389}.CompilerOnly|Any CPU.Build.0 = CompilerOnly|Any CPU
		{4B0054FD-124A-4037-9965-BDB55E6BF389}.CompilerOnly|Mixed Platforms.ActiveCfg = CompilerOnly|Any CPU
		{4B0054FD-124A-4037-9965-BDB55E6BF389}.CompilerOnly|Mixed Platforms.Build.0 = CompilerOnly|Any CPU
		{4B0054FD-124A-4037-9965-BDB55E6BF389}.CompilerOnly|Win32.ActiveCfg = CompilerOnly|Any CPU
		{4B0054FD-124A-4037-9965-BDB55E6BF389}.Debug|Any CPU.ActiveCfg = Debug|Any CPU
		{4B0054FD-124A-4037-9965-BDB55E6BF389}.Debug|Any CPU.Build.0 = Debug|Any CPU
		{4B0054FD-124A-4037-9965-BDB55E6BF389}.Debug|Mixed Platforms.ActiveCfg = Debug|Any CPU
		{4B0054FD-124A-4037-9965-BDB55E6BF389}.Debug|Mixed Platforms.Build.0 = Debug|Any CPU
		{4B0054FD-124A-4037-9965-BDB55E6BF389}.Debug|Win32.ActiveCfg = Debug|Any CPU
		{4B0054FD-124A-4037-9965-BDB55E6BF389}.Release|Any CPU.ActiveCfg = Release|Any CPU
		{4B0054FD-124A-4037-9965-BDB55E6BF389}.Release|Any CPU.Build.0 = Release|Any CPU
		{4B0054FD-124A-4037-9965-BDB55E6BF389}.Release|Mixed Platforms.ActiveCfg = Release|Any CPU
		{4B0054FD-124A-4037-9965-BDB55E6BF389}.Release|Mixed Platforms.Build.0 = Release|Any CPU
		{4B0054FD-124A-4037-9965-BDB55E6BF389}.Release|Win32.ActiveCfg = Release|Any CPU
		{B855D039-8A27-419D-9A81-86FF93227E31}.CompilerOnly|Any CPU.ActiveCfg = CompilerOnly|Any CPU
		{B855D039-8A27-419D-9A81-86FF93227E31}.CompilerOnly|Any CPU.Build.0 = CompilerOnly|Any CPU
		{B855D039-8A27-419D-9A81-86FF93227E31}.CompilerOnly|Mixed Platforms.ActiveCfg = CompilerOnly|Any CPU
		{B855D039-8A27-419D-9A81-86FF93227E31}.CompilerOnly|Mixed Platforms.Build.0 = CompilerOnly|Any CPU
		{B855D039-8A27-419D-9A81-86FF93227E31}.CompilerOnly|Win32.ActiveCfg = CompilerOnly|Any CPU
		{B855D039-8A27-419D-9A81-86FF93227E31}.Debug|Any CPU.ActiveCfg = Debug|Any CPU
		{B855D039-8A27-419D-9A81-86FF93227E31}.Debug|Any CPU.Build.0 = Debug|Any CPU
		{B855D039-8A27-419D-9A81-86FF93227E31}.Debug|Mixed Platforms.ActiveCfg = Debug|Any CPU
		{B855D039-8A27-419D-9A81-86FF93227E31}.Debug|Mixed Platforms.Build.0 = Debug|Any CPU
		{B855D039-8A27-419D-9A81-86FF93227E31}.Debug|Win32.ActiveCfg = Debug|Any CPU
		{B855D039-8A27-419D-9A81-86FF93227E31}.Release|Any CPU.ActiveCfg = Release|Any CPU
		{B855D039-8A27-419D-9A81-86FF93227E31}.Release|Any CPU.Build.0 = Release|Any CPU
		{B855D039-8A27-419D-9A81-86FF93227E31}.Release|Mixed Platforms.ActiveCfg = Release|Any CPU
		{B855D039-8A27-419D-9A81-86FF93227E31}.Release|Mixed Platforms.Build.0 = Release|Any CPU
		{B855D039-8A27-419D-9A81-86FF93227E31}.Release|Win32.ActiveCfg = Release|Any CPU
		{319E151C-8F33-49E7-81C9-30F02F9BA90A}.CompilerOnly|Any CPU.ActiveCfg = CompilerOnly|Any CPU
		{319E151C-8F33-49E7-81C9-30F02F9BA90A}.CompilerOnly|Any CPU.Build.0 = CompilerOnly|Any CPU
		{319E151C-8F33-49E7-81C9-30F02F9BA90A}.CompilerOnly|Mixed Platforms.ActiveCfg = CompilerOnly|Any CPU
		{319E151C-8F33-49E7-81C9-30F02F9BA90A}.CompilerOnly|Mixed Platforms.Build.0 = CompilerOnly|Any CPU
		{319E151C-8F33-49E7-81C9-30F02F9BA90A}.CompilerOnly|Win32.ActiveCfg = CompilerOnly|Any CPU
		{319E151C-8F33-49E7-81C9-30F02F9BA90A}.Debug|Any CPU.ActiveCfg = Debug|Any CPU
		{319E151C-8F33-49E7-81C9-30F02F9BA90A}.Debug|Any CPU.Build.0 = Debug|Any CPU
		{319E151C-8F33-49E7-81C9-30F02F9BA90A}.Debug|Mixed Platforms.ActiveCfg = Debug|Any CPU
		{319E151C-8F33-49E7-81C9-30F02F9BA90A}.Debug|Mixed Platforms.Build.0 = Debug|Any CPU
		{319E151C-8F33-49E7-81C9-30F02F9BA90A}.Debug|Win32.ActiveCfg = Debug|Any CPU
		{319E151C-8F33-49E7-81C9-30F02F9BA90A}.Release|Any CPU.ActiveCfg = Release|Any CPU
		{319E151C-8F33-49E7-81C9-30F02F9BA90A}.Release|Any CPU.Build.0 = Release|Any CPU
		{319E151C-8F33-49E7-81C9-30F02F9BA90A}.Release|Mixed Platforms.ActiveCfg = Release|Any CPU
		{319E151C-8F33-49E7-81C9-30F02F9BA90A}.Release|Mixed Platforms.Build.0 = Release|Any CPU
		{319E151C-8F33-49E7-81C9-30F02F9BA90A}.Release|Win32.ActiveCfg = Release|Any CPU
		{08156C78-403A-4112-AD81-8646AC51CD2F}.CompilerOnly|Any CPU.ActiveCfg = CompilerOnly|Any CPU
		{08156C78-403A-4112-AD81-8646AC51CD2F}.CompilerOnly|Any CPU.Build.0 = CompilerOnly|Any CPU
		{08156C78-403A-4112-AD81-8646AC51CD2F}.CompilerOnly|Mixed Platforms.ActiveCfg = CompilerOnly|Any CPU
		{08156C78-403A-4112-AD81-8646AC51CD2F}.CompilerOnly|Mixed Platforms.Build.0 = CompilerOnly|Any CPU
		{08156C78-403A-4112-AD81-8646AC51CD2F}.CompilerOnly|Win32.ActiveCfg = CompilerOnly|Any CPU
		{08156C78-403A-4112-AD81-8646AC51CD2F}.Debug|Any CPU.ActiveCfg = Debug|Any CPU
		{08156C78-403A-4112-AD81-8646AC51CD2F}.Debug|Any CPU.Build.0 = Debug|Any CPU
		{08156C78-403A-4112-AD81-8646AC51CD2F}.Debug|Mixed Platforms.ActiveCfg = Debug|Any CPU
		{08156C78-403A-4112-AD81-8646AC51CD2F}.Debug|Mixed Platforms.Build.0 = Debug|Any CPU
		{08156C78-403A-4112-AD81-8646AC51CD2F}.Debug|Win32.ActiveCfg = Debug|Any CPU
		{08156C78-403A-4112-AD81-8646AC51CD2F}.Release|Any CPU.ActiveCfg = Release|Any CPU
		{08156C78-403A-4112-AD81-8646AC51CD2F}.Release|Any CPU.Build.0 = Release|Any CPU
		{08156C78-403A-4112-AD81-8646AC51CD2F}.Release|Mixed Platforms.ActiveCfg = Release|Any CPU
		{08156C78-403A-4112-AD81-8646AC51CD2F}.Release|Mixed Platforms.Build.0 = Release|Any CPU
		{08156C78-403A-4112-AD81-8646AC51CD2F}.Release|Win32.ActiveCfg = Release|Any CPU
		{34B9A0CE-DF18-4CBC-8F7A-90C2B74338D5}.CompilerOnly|Any CPU.ActiveCfg = CompilerOnly|Any CPU
		{34B9A0CE-DF18-4CBC-8F7A-90C2B74338D5}.CompilerOnly|Any CPU.Build.0 = CompilerOnly|Any CPU
		{34B9A0CE-DF18-4CBC-8F7A-90C2B74338D5}.CompilerOnly|Mixed Platforms.ActiveCfg = CompilerOnly|Any CPU
		{34B9A0CE-DF18-4CBC-8F7A-90C2B74338D5}.CompilerOnly|Mixed Platforms.Build.0 = CompilerOnly|Any CPU
		{34B9A0CE-DF18-4CBC-8F7A-90C2B74338D5}.CompilerOnly|Win32.ActiveCfg = CompilerOnly|Any CPU
		{34B9A0CE-DF18-4CBC-8F7A-90C2B74338D5}.Debug|Any CPU.ActiveCfg = Debug|Any CPU
		{34B9A0CE-DF18-4CBC-8F7A-90C2B74338D5}.Debug|Any CPU.Build.0 = Debug|Any CPU
		{34B9A0CE-DF18-4CBC-8F7A-90C2B74338D5}.Debug|Mixed Platforms.ActiveCfg = Debug|Any CPU
		{34B9A0CE-DF18-4CBC-8F7A-90C2B74338D5}.Debug|Mixed Platforms.Build.0 = Debug|Any CPU
		{34B9A0CE-DF18-4CBC-8F7A-90C2B74338D5}.Debug|Win32.ActiveCfg = Debug|Any CPU
		{34B9A0CE-DF18-4CBC-8F7A-90C2B74338D5}.Release|Any CPU.ActiveCfg = Release|Any CPU
		{34B9A0CE-DF18-4CBC-8F7A-90C2B74338D5}.Release|Any CPU.Build.0 = Release|Any CPU
		{34B9A0CE-DF18-4CBC-8F7A-90C2B74338D5}.Release|Mixed Platforms.ActiveCfg = Release|Any CPU
		{34B9A0CE-DF18-4CBC-8F7A-90C2B74338D5}.Release|Mixed Platforms.Build.0 = Release|Any CPU
		{34B9A0CE-DF18-4CBC-8F7A-90C2B74338D5}.Release|Win32.ActiveCfg = Release|Any CPU
		{15FF2982-EBD1-45DC-8FDF-4D901236E3D9}.CompilerOnly|Any CPU.ActiveCfg = CompilerOnly|Any CPU
		{15FF2982-EBD1-45DC-8FDF-4D901236E3D9}.CompilerOnly|Any CPU.Build.0 = CompilerOnly|Any CPU
		{15FF2982-EBD1-45DC-8FDF-4D901236E3D9}.CompilerOnly|Mixed Platforms.ActiveCfg = CompilerOnly|Any CPU
		{15FF2982-EBD1-45DC-8FDF-4D901236E3D9}.CompilerOnly|Mixed Platforms.Build.0 = CompilerOnly|Any CPU
		{15FF2982-EBD1-45DC-8FDF-4D901236E3D9}.CompilerOnly|Win32.ActiveCfg = CompilerOnly|Any CPU
		{15FF2982-EBD1-45DC-8FDF-4D901236E3D9}.Debug|Any CPU.ActiveCfg = Debug|Any CPU
		{15FF2982-EBD1-45DC-8FDF-4D901236E3D9}.Debug|Any CPU.Build.0 = Debug|Any CPU
		{15FF2982-EBD1-45DC-8FDF-4D901236E3D9}.Debug|Mixed Platforms.ActiveCfg = Debug|Any CPU
		{15FF2982-EBD1-45DC-8FDF-4D901236E3D9}.Debug|Mixed Platforms.Build.0 = Debug|Any CPU
		{15FF2982-EBD1-45DC-8FDF-4D901236E3D9}.Debug|Win32.ActiveCfg = Debug|Any CPU
		{15FF2982-EBD1-45DC-8FDF-4D901236E3D9}.Release|Any CPU.ActiveCfg = Release|Any CPU
		{15FF2982-EBD1-45DC-8FDF-4D901236E3D9}.Release|Any CPU.Build.0 = Release|Any CPU
		{15FF2982-EBD1-45DC-8FDF-4D901236E3D9}.Release|Mixed Platforms.ActiveCfg = Release|Any CPU
		{15FF2982-EBD1-45DC-8FDF-4D901236E3D9}.Release|Mixed Platforms.Build.0 = Release|Any CPU
		{15FF2982-EBD1-45DC-8FDF-4D901236E3D9}.Release|Win32.ActiveCfg = Release|Any CPU
		{319E150C-8F33-49E7-81CA-30F02F9BA90A}.CompilerOnly|Any CPU.ActiveCfg = CompilerOnly|Any CPU
		{319E150C-8F33-49E7-81CA-30F02F9BA90A}.CompilerOnly|Any CPU.Build.0 = CompilerOnly|Any CPU
		{319E150C-8F33-49E7-81CA-30F02F9BA90A}.CompilerOnly|Mixed Platforms.ActiveCfg = CompilerOnly|Any CPU
		{319E150C-8F33-49E7-81CA-30F02F9BA90A}.CompilerOnly|Mixed Platforms.Build.0 = CompilerOnly|Any CPU
		{319E150C-8F33-49E7-81CA-30F02F9BA90A}.CompilerOnly|Win32.ActiveCfg = CompilerOnly|Any CPU
		{319E150C-8F33-49E7-81CA-30F02F9BA90A}.Debug|Any CPU.ActiveCfg = Debug|Any CPU
		{319E150C-8F33-49E7-81CA-30F02F9BA90A}.Debug|Any CPU.Build.0 = Debug|Any CPU
		{319E150C-8F33-49E7-81CA-30F02F9BA90A}.Debug|Mixed Platforms.ActiveCfg = Debug|Any CPU
		{319E150C-8F33-49E7-81CA-30F02F9BA90A}.Debug|Mixed Platforms.Build.0 = Debug|Any CPU
		{319E150C-8F33-49E7-81CA-30F02F9BA90A}.Debug|Win32.ActiveCfg = Debug|Any CPU
		{319E150C-8F33-49E7-81CA-30F02F9BA90A}.Release|Any CPU.ActiveCfg = Release|Any CPU
		{319E150C-8F33-49E7-81CA-30F02F9BA90A}.Release|Any CPU.Build.0 = Release|Any CPU
		{319E150C-8F33-49E7-81CA-30F02F9BA90A}.Release|Mixed Platforms.ActiveCfg = Release|Any CPU
		{319E150C-8F33-49E7-81CA-30F02F9BA90A}.Release|Mixed Platforms.Build.0 = Release|Any CPU
		{319E150C-8F33-49E7-81CA-30F02F9BA90A}.Release|Win32.ActiveCfg = Release|Any CPU
		{035FEA7F-0D36-4AE4-B694-EC45191B9AF2}.CompilerOnly|Any CPU.ActiveCfg = CompilerOnly|Any CPU
		{035FEA7F-0D36-4AE4-B694-EC45191B9AF2}.CompilerOnly|Any CPU.Build.0 = CompilerOnly|Any CPU
		{035FEA7F-0D36-4AE4-B694-EC45191B9AF2}.CompilerOnly|Mixed Platforms.ActiveCfg = CompilerOnly|Any CPU
		{035FEA7F-0D36-4AE4-B694-EC45191B9AF2}.CompilerOnly|Mixed Platforms.Build.0 = CompilerOnly|Any CPU
		{035FEA7F-0D36-4AE4-B694-EC45191B9AF2}.CompilerOnly|Win32.ActiveCfg = CompilerOnly|Any CPU
		{035FEA7F-0D36-4AE4-B694-EC45191B9AF2}.Debug|Any CPU.ActiveCfg = Debug|Any CPU
		{035FEA7F-0D36-4AE4-B694-EC45191B9AF2}.Debug|Any CPU.Build.0 = Debug|Any CPU
		{035FEA7F-0D36-4AE4-B694-EC45191B9AF2}.Debug|Mixed Platforms.ActiveCfg = Debug|Any CPU
		{035FEA7F-0D36-4AE4-B694-EC45191B9AF2}.Debug|Mixed Platforms.Build.0 = Debug|Any CPU
		{035FEA7F-0D36-4AE4-B694-EC45191B9AF2}.Debug|Win32.ActiveCfg = Debug|Any CPU
		{035FEA7F-0D36-4AE4-B694-EC45191B9AF2}.Release|Any CPU.ActiveCfg = Release|Any CPU
		{035FEA7F-0D36-4AE4-B694-EC45191B9AF2}.Release|Any CPU.Build.0 = Release|Any CPU
		{035FEA7F-0D36-4AE4-B694-EC45191B9AF2}.Release|Mixed Platforms.ActiveCfg = Release|Any CPU
		{035FEA7F-0D36-4AE4-B694-EC45191B9AF2}.Release|Mixed Platforms.Build.0 = Release|Any CPU
		{035FEA7F-0D36-4AE4-B694-EC45191B9AF2}.Release|Win32.ActiveCfg = Release|Any CPU
		{CEB76EA1-A168-49B0-A410-2C4195FEE86F}.CompilerOnly|Any CPU.ActiveCfg = CompilerOnly|Any CPU
		{CEB76EA1-A168-49B0-A410-2C4195FEE86F}.CompilerOnly|Any CPU.Build.0 = CompilerOnly|Any CPU
		{CEB76EA1-A168-49B0-A410-2C4195FEE86F}.CompilerOnly|Mixed Platforms.ActiveCfg = CompilerOnly|Any CPU
		{CEB76EA1-A168-49B0-A410-2C4195FEE86F}.CompilerOnly|Mixed Platforms.Build.0 = CompilerOnly|Any CPU
		{CEB76EA1-A168-49B0-A410-2C4195FEE86F}.CompilerOnly|Win32.ActiveCfg = CompilerOnly|Any CPU
		{CEB76EA1-A168-49B0-A410-2C4195FEE86F}.Debug|Any CPU.ActiveCfg = Debug|Any CPU
		{CEB76EA1-A168-49B0-A410-2C4195FEE86F}.Debug|Any CPU.Build.0 = Debug|Any CPU
		{CEB76EA1-A168-49B0-A410-2C4195FEE86F}.Debug|Mixed Platforms.ActiveCfg = Debug|Any CPU
		{CEB76EA1-A168-49B0-A410-2C4195FEE86F}.Debug|Mixed Platforms.Build.0 = Debug|Any CPU
		{CEB76EA1-A168-49B0-A410-2C4195FEE86F}.Debug|Win32.ActiveCfg = Debug|Any CPU
		{CEB76EA1-A168-49B0-A410-2C4195FEE86F}.Release|Any CPU.ActiveCfg = Release|Any CPU
		{CEB76EA1-A168-49B0-A410-2C4195FEE86F}.Release|Any CPU.Build.0 = Release|Any CPU
		{CEB76EA1-A168-49B0-A410-2C4195FEE86F}.Release|Mixed Platforms.ActiveCfg = Release|Any CPU
		{CEB76EA1-A168-49B0-A410-2C4195FEE86F}.Release|Mixed Platforms.Build.0 = Release|Any CPU
		{CEB76EA1-A168-49B0-A410-2C4195FEE86F}.Release|Win32.ActiveCfg = Release|Any CPU
		{B2144FB2-68AD-4F94-B53E-DCCF827115C8}.CompilerOnly|Any CPU.ActiveCfg = CompilerOnly|Any CPU
		{B2144FB2-68AD-4F94-B53E-DCCF827115C8}.CompilerOnly|Any CPU.Build.0 = CompilerOnly|Any CPU
		{B2144FB2-68AD-4F94-B53E-DCCF827115C8}.CompilerOnly|Mixed Platforms.ActiveCfg = CompilerOnly|Any CPU
		{B2144FB2-68AD-4F94-B53E-DCCF827115C8}.CompilerOnly|Mixed Platforms.Build.0 = CompilerOnly|Any CPU
		{B2144FB2-68AD-4F94-B53E-DCCF827115C8}.CompilerOnly|Win32.ActiveCfg = CompilerOnly|Any CPU
		{B2144FB2-68AD-4F94-B53E-DCCF827115C8}.Debug|Any CPU.ActiveCfg = Debug|Any CPU
		{B2144FB2-68AD-4F94-B53E-DCCF827115C8}.Debug|Any CPU.Build.0 = Debug|Any CPU
		{B2144FB2-68AD-4F94-B53E-DCCF827115C8}.Debug|Mixed Platforms.ActiveCfg = Debug|Any CPU
		{B2144FB2-68AD-4F94-B53E-DCCF827115C8}.Debug|Mixed Platforms.Build.0 = Debug|Any CPU
		{B2144FB2-68AD-4F94-B53E-DCCF827115C8}.Debug|Win32.ActiveCfg = Debug|Any CPU
		{B2144FB2-68AD-4F94-B53E-DCCF827115C8}.Release|Any CPU.ActiveCfg = Release|Any CPU
		{B2144FB2-68AD-4F94-B53E-DCCF827115C8}.Release|Any CPU.Build.0 = Release|Any CPU
		{B2144FB2-68AD-4F94-B53E-DCCF827115C8}.Release|Mixed Platforms.ActiveCfg = Release|Any CPU
		{B2144FB2-68AD-4F94-B53E-DCCF827115C8}.Release|Mixed Platforms.Build.0 = Release|Any CPU
		{B2144FB2-68AD-4F94-B53E-DCCF827115C8}.Release|Win32.ActiveCfg = Release|Any CPU
		{AB567043-8047-4CB4-863C-F7FBAB4E239A}.CompilerOnly|Any CPU.ActiveCfg = CompilerOnly|Any CPU
		{AB567043-8047-4CB4-863C-F7FBAB4E239A}.CompilerOnly|Any CPU.Build.0 = CompilerOnly|Any CPU
		{AB567043-8047-4CB4-863C-F7FBAB4E239A}.CompilerOnly|Mixed Platforms.ActiveCfg = CompilerOnly|Any CPU
		{AB567043-8047-4CB4-863C-F7FBAB4E239A}.CompilerOnly|Mixed Platforms.Build.0 = CompilerOnly|Any CPU
		{AB567043-8047-4CB4-863C-F7FBAB4E239A}.CompilerOnly|Win32.ActiveCfg = CompilerOnly|Any CPU
		{AB567043-8047-4CB4-863C-F7FBAB4E239A}.Debug|Any CPU.ActiveCfg = Debug|Any CPU
		{AB567043-8047-4CB4-863C-F7FBAB4E239A}.Debug|Any CPU.Build.0 = Debug|Any CPU
		{AB567043-8047-4CB4-863C-F7FBAB4E239A}.Debug|Mixed Platforms.ActiveCfg = Debug|Any CPU
		{AB567043-8047-4CB4-863C-F7FBAB4E239A}.Debug|Mixed Platforms.Build.0 = Debug|Any CPU
		{AB567043-8047-4CB4-863C-F7FBAB4E239A}.Debug|Win32.ActiveCfg = Debug|Any CPU
		{AB567043-8047-4CB4-863C-F7FBAB4E239A}.Release|Any CPU.ActiveCfg = Release|Any CPU
		{AB567043-8047-4CB4-863C-F7FBAB4E239A}.Release|Any CPU.Build.0 = Release|Any CPU
		{AB567043-8047-4CB4-863C-F7FBAB4E239A}.Release|Mixed Platforms.ActiveCfg = Release|Any CPU
		{AB567043-8047-4CB4-863C-F7FBAB4E239A}.Release|Mixed Platforms.Build.0 = Release|Any CPU
		{AB567043-8047-4CB4-863C-F7FBAB4E239A}.Release|Win32.ActiveCfg = Release|Any CPU
		{DA1D75C4-D0AA-474C-8773-6D90C9319D67}.CompilerOnly|Any CPU.ActiveCfg = CompilerOnly|Win32
		{DA1D75C4-D0AA-474C-8773-6D90C9319D67}.CompilerOnly|Mixed Platforms.ActiveCfg = CompilerOnly|Win32
		{DA1D75C4-D0AA-474C-8773-6D90C9319D67}.CompilerOnly|Win32.ActiveCfg = CompilerOnly|Win32
		{DA1D75C4-D0AA-474C-8773-6D90C9319D67}.Debug|Any CPU.ActiveCfg = Debug|Win32
		{DA1D75C4-D0AA-474C-8773-6D90C9319D67}.Debug|Mixed Platforms.ActiveCfg = Debug|Win32
		{DA1D75C4-D0AA-474C-8773-6D90C9319D67}.Debug|Win32.ActiveCfg = Debug|Win32
		{DA1D75C4-D0AA-474C-8773-6D90C9319D67}.Debug|Win32.Build.0 = Debug|Win32
		{DA1D75C4-D0AA-474C-8773-6D90C9319D67}.Release|Any CPU.ActiveCfg = Release|Win32
		{DA1D75C4-D0AA-474C-8773-6D90C9319D67}.Release|Mixed Platforms.ActiveCfg = Release|Win32
		{DA1D75C4-D0AA-474C-8773-6D90C9319D67}.Release|Mixed Platforms.Build.0 = Release|Win32
		{DA1D75C4-D0AA-474C-8773-6D90C9319D67}.Release|Win32.ActiveCfg = Release|Win32
		{DA1D75C4-D0AA-474C-8773-6D90C9319D67}.Release|Win32.Build.0 = Release|Win32
		{CDB01DBB-FD43-40F4-98F0-F5401E8C5919}.CompilerOnly|Any CPU.ActiveCfg = CompilerOnly|Any CPU
		{CDB01DBB-FD43-40F4-98F0-F5401E8C5919}.CompilerOnly|Any CPU.Build.0 = CompilerOnly|Any CPU
		{CDB01DBB-FD43-40F4-98F0-F5401E8C5919}.CompilerOnly|Mixed Platforms.ActiveCfg = CompilerOnly|Any CPU
		{CDB01DBB-FD43-40F4-98F0-F5401E8C5919}.CompilerOnly|Mixed Platforms.Build.0 = CompilerOnly|Any CPU
		{CDB01DBB-FD43-40F4-98F0-F5401E8C5919}.CompilerOnly|Win32.ActiveCfg = CompilerOnly|Any CPU
		{CDB01DBB-FD43-40F4-98F0-F5401E8C5919}.Debug|Any CPU.ActiveCfg = Debug|Any CPU
		{CDB01DBB-FD43-40F4-98F0-F5401E8C5919}.Debug|Any CPU.Build.0 = Debug|Any CPU
		{CDB01DBB-FD43-40F4-98F0-F5401E8C5919}.Debug|Mixed Platforms.ActiveCfg = Debug|Any CPU
		{CDB01DBB-FD43-40F4-98F0-F5401E8C5919}.Debug|Mixed Platforms.Build.0 = Debug|Any CPU
		{CDB01DBB-FD43-40F4-98F0-F5401E8C5919}.Debug|Win32.ActiveCfg = Debug|Any CPU
		{CDB01DBB-FD43-40F4-98F0-F5401E8C5919}.Release|Any CPU.ActiveCfg = Release|Any CPU
		{CDB01DBB-FD43-40F4-98F0-F5401E8C5919}.Release|Any CPU.Build.0 = Release|Any CPU
		{CDB01DBB-FD43-40F4-98F0-F5401E8C5919}.Release|Mixed Platforms.ActiveCfg = Release|Any CPU
		{CDB01DBB-FD43-40F4-98F0-F5401E8C5919}.Release|Mixed Platforms.Build.0 = Release|Any CPU
		{CDB01DBB-FD43-40F4-98F0-F5401E8C5919}.Release|Win32.ActiveCfg = Release|Any CPU
		{A23FF5D3-7775-4BD3-942A-1F488E339D27}.CompilerOnly|Any CPU.ActiveCfg = CompilerOnly|Any CPU
		{A23FF5D3-7775-4BD3-942A-1F488E339D27}.CompilerOnly|Any CPU.Build.0 = CompilerOnly|Any CPU
		{A23FF5D3-7775-4BD3-942A-1F488E339D27}.CompilerOnly|Mixed Platforms.ActiveCfg = CompilerOnly|Any CPU
		{A23FF5D3-7775-4BD3-942A-1F488E339D27}.CompilerOnly|Mixed Platforms.Build.0 = CompilerOnly|Any CPU
		{A23FF5D3-7775-4BD3-942A-1F488E339D27}.CompilerOnly|Win32.ActiveCfg = CompilerOnly|Any CPU
		{A23FF5D3-7775-4BD3-942A-1F488E339D27}.Debug|Any CPU.ActiveCfg = Debug|Any CPU
		{A23FF5D3-7775-4BD3-942A-1F488E339D27}.Debug|Any CPU.Build.0 = Debug|Any CPU
		{A23FF5D3-7775-4BD3-942A-1F488E339D27}.Debug|Mixed Platforms.ActiveCfg = Debug|Any CPU
		{A23FF5D3-7775-4BD3-942A-1F488E339D27}.Debug|Mixed Platforms.Build.0 = Debug|Any CPU
		{A23FF5D3-7775-4BD3-942A-1F488E339D27}.Debug|Win32.ActiveCfg = Debug|Any CPU
		{A23FF5D3-7775-4BD3-942A-1F488E339D27}.Release|Any CPU.ActiveCfg = Release|Any CPU
		{A23FF5D3-7775-4BD3-942A-1F488E339D27}.Release|Any CPU.Build.0 = Release|Any CPU
		{A23FF5D3-7775-4BD3-942A-1F488E339D27}.Release|Mixed Platforms.ActiveCfg = Release|Any CPU
		{A23FF5D3-7775-4BD3-942A-1F488E339D27}.Release|Mixed Platforms.Build.0 = Release|Any CPU
		{A23FF5D3-7775-4BD3-942A-1F488E339D27}.Release|Win32.ActiveCfg = Release|Any CPU
		{D0544C0C-C6ED-4F91-9F3C-9F3A02B8CAB6}.CompilerOnly|Any CPU.ActiveCfg = CompilerOnly|Any CPU
		{D0544C0C-C6ED-4F91-9F3C-9F3A02B8CAB6}.CompilerOnly|Any CPU.Build.0 = CompilerOnly|Any CPU
		{D0544C0C-C6ED-4F91-9F3C-9F3A02B8CAB6}.CompilerOnly|Mixed Platforms.ActiveCfg = CompilerOnly|Any CPU
		{D0544C0C-C6ED-4F91-9F3C-9F3A02B8CAB6}.CompilerOnly|Mixed Platforms.Build.0 = CompilerOnly|Any CPU
		{D0544C0C-C6ED-4F91-9F3C-9F3A02B8CAB6}.CompilerOnly|Win32.ActiveCfg = CompilerOnly|Any CPU
		{D0544C0C-C6ED-4F91-9F3C-9F3A02B8CAB6}.Debug|Any CPU.ActiveCfg = Debug|Any CPU
		{D0544C0C-C6ED-4F91-9F3C-9F3A02B8CAB6}.Debug|Any CPU.Build.0 = Debug|Any CPU
		{D0544C0C-C6ED-4F91-9F3C-9F3A02B8CAB6}.Debug|Mixed Platforms.ActiveCfg = Debug|Any CPU
		{D0544C0C-C6ED-4F91-9F3C-9F3A02B8CAB6}.Debug|Mixed Platforms.Build.0 = Debug|Any CPU
		{D0544C0C-C6ED-4F91-9F3C-9F3A02B8CAB6}.Debug|Win32.ActiveCfg = Debug|Any CPU
		{D0544C0C-C6ED-4F91-9F3C-9F3A02B8CAB6}.Release|Any CPU.ActiveCfg = Release|Any CPU
		{D0544C0C-C6ED-4F91-9F3C-9F3A02B8CAB6}.Release|Any CPU.Build.0 = Release|Any CPU
		{D0544C0C-C6ED-4F91-9F3C-9F3A02B8CAB6}.Release|Mixed Platforms.ActiveCfg = Release|Any CPU
		{D0544C0C-C6ED-4F91-9F3C-9F3A02B8CAB6}.Release|Mixed Platforms.Build.0 = Release|Any CPU
		{D0544C0C-C6ED-4F91-9F3C-9F3A02B8CAB6}.Release|Win32.ActiveCfg = Release|Any CPU
		{0F1AF63F-A46F-4B56-B66B-6FDEDD2BC10E}.CompilerOnly|Any CPU.ActiveCfg = CompilerOnly|Any CPU
		{0F1AF63F-A46F-4B56-B66B-6FDEDD2BC10E}.CompilerOnly|Any CPU.Build.0 = CompilerOnly|Any CPU
		{0F1AF63F-A46F-4B56-B66B-6FDEDD2BC10E}.CompilerOnly|Mixed Platforms.ActiveCfg = CompilerOnly|Any CPU
		{0F1AF63F-A46F-4B56-B66B-6FDEDD2BC10E}.CompilerOnly|Win32.ActiveCfg = CompilerOnly|Any CPU
		{0F1AF63F-A46F-4B56-B66B-6FDEDD2BC10E}.Debug|Any CPU.ActiveCfg = Debug|Any CPU
		{0F1AF63F-A46F-4B56-B66B-6FDEDD2BC10E}.Debug|Any CPU.Build.0 = Debug|Any CPU
		{0F1AF63F-A46F-4B56-B66B-6FDEDD2BC10E}.Debug|Mixed Platforms.ActiveCfg = Debug|Any CPU
		{0F1AF63F-A46F-4B56-B66B-6FDEDD2BC10E}.Debug|Mixed Platforms.Build.0 = Debug|Any CPU
		{0F1AF63F-A46F-4B56-B66B-6FDEDD2BC10E}.Debug|Win32.ActiveCfg = Debug|Any CPU
		{0F1AF63F-A46F-4B56-B66B-6FDEDD2BC10E}.Release|Any CPU.ActiveCfg = Release|Any CPU
		{0F1AF63F-A46F-4B56-B66B-6FDEDD2BC10E}.Release|Any CPU.Build.0 = Release|Any CPU
		{0F1AF63F-A46F-4B56-B66B-6FDEDD2BC10E}.Release|Mixed Platforms.ActiveCfg = Release|Any CPU
		{0F1AF63F-A46F-4B56-B66B-6FDEDD2BC10E}.Release|Mixed Platforms.Build.0 = Release|Any CPU
		{0F1AF63F-A46F-4B56-B66B-6FDEDD2BC10E}.Release|Win32.ActiveCfg = Release|Any CPU
		{29651769-4A5F-4C7F-BAA7-4064BA38324D}.CompilerOnly|Any CPU.ActiveCfg = CompilerOnly|Any CPU
		{29651769-4A5F-4C7F-BAA7-4064BA38324D}.CompilerOnly|Any CPU.Build.0 = CompilerOnly|Any CPU
		{29651769-4A5F-4C7F-BAA7-4064BA38324D}.CompilerOnly|Mixed Platforms.ActiveCfg = CompilerOnly|Any CPU
		{29651769-4A5F-4C7F-BAA7-4064BA38324D}.CompilerOnly|Win32.ActiveCfg = CompilerOnly|Any CPU
		{29651769-4A5F-4C7F-BAA7-4064BA38324D}.Debug|Any CPU.ActiveCfg = Debug|Any CPU
		{29651769-4A5F-4C7F-BAA7-4064BA38324D}.Debug|Any CPU.Build.0 = Debug|Any CPU
		{29651769-4A5F-4C7F-BAA7-4064BA38324D}.Debug|Mixed Platforms.ActiveCfg = Debug|Any CPU
		{29651769-4A5F-4C7F-BAA7-4064BA38324D}.Debug|Mixed Platforms.Build.0 = Debug|Any CPU
		{29651769-4A5F-4C7F-BAA7-4064BA38324D}.Debug|Win32.ActiveCfg = Debug|Any CPU
		{29651769-4A5F-4C7F-BAA7-4064BA38324D}.Release|Any CPU.ActiveCfg = Release|Any CPU
		{29651769-4A5F-4C7F-BAA7-4064BA38324D}.Release|Any CPU.Build.0 = Release|Any CPU
		{29651769-4A5F-4C7F-BAA7-4064BA38324D}.Release|Mixed Platforms.ActiveCfg = Release|Any CPU
		{29651769-4A5F-4C7F-BAA7-4064BA38324D}.Release|Mixed Platforms.Build.0 = Release|Any CPU
		{29651769-4A5F-4C7F-BAA7-4064BA38324D}.Release|Win32.ActiveCfg = Release|Any CPU
		{3CE03E07-26AB-4969-97AD-BDDCE41B0A28}.CompilerOnly|Any CPU.ActiveCfg = CompilerOnly|Any CPU
		{3CE03E07-26AB-4969-97AD-BDDCE41B0A28}.CompilerOnly|Any CPU.Build.0 = CompilerOnly|Any CPU
		{3CE03E07-26AB-4969-97AD-BDDCE41B0A28}.CompilerOnly|Mixed Platforms.ActiveCfg = CompilerOnly|Any CPU
		{3CE03E07-26AB-4969-97AD-BDDCE41B0A28}.CompilerOnly|Win32.ActiveCfg = CompilerOnly|Any CPU
		{3CE03E07-26AB-4969-97AD-BDDCE41B0A28}.Debug|Any CPU.ActiveCfg = Debug|Any CPU
		{3CE03E07-26AB-4969-97AD-BDDCE41B0A28}.Debug|Any CPU.Build.0 = Debug|Any CPU
		{3CE03E07-26AB-4969-97AD-BDDCE41B0A28}.Debug|Mixed Platforms.ActiveCfg = Debug|Any CPU
		{3CE03E07-26AB-4969-97AD-BDDCE41B0A28}.Debug|Mixed Platforms.Build.0 = Debug|Any CPU
		{3CE03E07-26AB-4969-97AD-BDDCE41B0A28}.Debug|Win32.ActiveCfg = Debug|Any CPU
		{3CE03E07-26AB-4969-97AD-BDDCE41B0A28}.Release|Any CPU.ActiveCfg = Release|Any CPU
		{3CE03E07-26AB-4969-97AD-BDDCE41B0A28}.Release|Any CPU.Build.0 = Release|Any CPU
		{3CE03E07-26AB-4969-97AD-BDDCE41B0A28}.Release|Mixed Platforms.ActiveCfg = Release|Any CPU
		{3CE03E07-26AB-4969-97AD-BDDCE41B0A28}.Release|Mixed Platforms.Build.0 = Release|Any CPU
		{3CE03E07-26AB-4969-97AD-BDDCE41B0A28}.Release|Win32.ActiveCfg = Release|Any CPU
		{58F55EE8-F35F-427F-B4C3-F650A9843485}.CompilerOnly|Any CPU.ActiveCfg = CompilerOnly|Any CPU
		{58F55EE8-F35F-427F-B4C3-F650A9843485}.CompilerOnly|Any CPU.Build.0 = CompilerOnly|Any CPU
		{58F55EE8-F35F-427F-B4C3-F650A9843485}.CompilerOnly|Mixed Platforms.ActiveCfg = CompilerOnly|Any CPU
		{58F55EE8-F35F-427F-B4C3-F650A9843485}.CompilerOnly|Win32.ActiveCfg = CompilerOnly|Any CPU
		{58F55EE8-F35F-427F-B4C3-F650A9843485}.Debug|Any CPU.ActiveCfg = Debug|Any CPU
		{58F55EE8-F35F-427F-B4C3-F650A9843485}.Debug|Any CPU.Build.0 = Debug|Any CPU
		{58F55EE8-F35F-427F-B4C3-F650A9843485}.Debug|Mixed Platforms.ActiveCfg = Debug|Any CPU
		{58F55EE8-F35F-427F-B4C3-F650A9843485}.Debug|Mixed Platforms.Build.0 = Debug|Any CPU
		{58F55EE8-F35F-427F-B4C3-F650A9843485}.Debug|Win32.ActiveCfg = Debug|Any CPU
		{58F55EE8-F35F-427F-B4C3-F650A9843485}.Release|Any CPU.ActiveCfg = Release|Any CPU
		{58F55EE8-F35F-427F-B4C3-F650A9843485}.Release|Any CPU.Build.0 = Release|Any CPU
		{58F55EE8-F35F-427F-B4C3-F650A9843485}.Release|Mixed Platforms.ActiveCfg = Release|Any CPU
		{58F55EE8-F35F-427F-B4C3-F650A9843485}.Release|Mixed Platforms.Build.0 = Release|Any CPU
		{58F55EE8-F35F-427F-B4C3-F650A9843485}.Release|Win32.ActiveCfg = Release|Any CPU
		{19CF9E68-12F6-4249-ADE9-D9D7EC18F41D}.CompilerOnly|Any CPU.ActiveCfg = CompilerOnly|Any CPU
		{19CF9E68-12F6-4249-ADE9-D9D7EC18F41D}.CompilerOnly|Any CPU.Build.0 = CompilerOnly|Any CPU
		{19CF9E68-12F6-4249-ADE9-D9D7EC18F41D}.CompilerOnly|Mixed Platforms.ActiveCfg = CompilerOnly|Any CPU
		{19CF9E68-12F6-4249-ADE9-D9D7EC18F41D}.CompilerOnly|Win32.ActiveCfg = CompilerOnly|Any CPU
		{19CF9E68-12F6-4249-ADE9-D9D7EC18F41D}.Debug|Any CPU.ActiveCfg = Debug|Any CPU
		{19CF9E68-12F6-4249-ADE9-D9D7EC18F41D}.Debug|Any CPU.Build.0 = Debug|Any CPU
		{19CF9E68-12F6-4249-ADE9-D9D7EC18F41D}.Debug|Mixed Platforms.ActiveCfg = Debug|Any CPU
		{19CF9E68-12F6-4249-ADE9-D9D7EC18F41D}.Debug|Mixed Platforms.Build.0 = Debug|Any CPU
		{19CF9E68-12F6-4249-ADE9-D9D7EC18F41D}.Debug|Win32.ActiveCfg = Debug|Any CPU
		{19CF9E68-12F6-4249-ADE9-D9D7EC18F41D}.Release|Any CPU.ActiveCfg = Release|Any CPU
		{19CF9E68-12F6-4249-ADE9-D9D7EC18F41D}.Release|Any CPU.Build.0 = Release|Any CPU
		{19CF9E68-12F6-4249-ADE9-D9D7EC18F41D}.Release|Mixed Platforms.ActiveCfg = Release|Any CPU
		{19CF9E68-12F6-4249-ADE9-D9D7EC18F41D}.Release|Mixed Platforms.Build.0 = Release|Any CPU
		{19CF9E68-12F6-4249-ADE9-D9D7EC18F41D}.Release|Win32.ActiveCfg = Release|Any CPU
		{CAB0EED0-564C-4981-97BC-497AB7D13433}.CompilerOnly|Any CPU.ActiveCfg = CompilerOnly|Win32
		{CAB0EED0-564C-4981-97BC-497AB7D13433}.CompilerOnly|Mixed Platforms.ActiveCfg = CompilerOnly|Win32
		{CAB0EED0-564C-4981-97BC-497AB7D13433}.CompilerOnly|Win32.ActiveCfg = CompilerOnly|Win32
		{CAB0EED0-564C-4981-97BC-497AB7D13433}.Debug|Any CPU.ActiveCfg = Debug|Win32
		{CAB0EED0-564C-4981-97BC-497AB7D13433}.Debug|Mixed Platforms.ActiveCfg = Debug|Win32
		{CAB0EED0-564C-4981-97BC-497AB7D13433}.Debug|Win32.ActiveCfg = Debug|Win32
		{CAB0EED0-564C-4981-97BC-497AB7D13433}.Debug|Win32.Build.0 = Debug|Win32
		{CAB0EED0-564C-4981-97BC-497AB7D13433}.Release|Any CPU.ActiveCfg = Release|Win32
		{CAB0EED0-564C-4981-97BC-497AB7D13433}.Release|Mixed Platforms.ActiveCfg = Release|Win32
		{CAB0EED0-564C-4981-97BC-497AB7D13433}.Release|Mixed Platforms.Build.0 = Release|Win32
		{CAB0EED0-564C-4981-97BC-497AB7D13433}.Release|Win32.ActiveCfg = Release|Win32
		{CAB0EED0-564C-4981-97BC-497AB7D13433}.Release|Win32.Build.0 = Release|Win32
		{D1F50345-A995-49EC-9DDA-DD06F8F3566D}.CompilerOnly|Any CPU.ActiveCfg = CompilerOnly|Any CPU
		{D1F50345-A995-49EC-9DDA-DD06F8F3566D}.CompilerOnly|Any CPU.Build.0 = CompilerOnly|Any CPU
		{D1F50345-A995-49EC-9DDA-DD06F8F3566D}.CompilerOnly|Mixed Platforms.ActiveCfg = CompilerOnly|Any CPU
		{D1F50345-A995-49EC-9DDA-DD06F8F3566D}.CompilerOnly|Win32.ActiveCfg = CompilerOnly|Any CPU
		{D1F50345-A995-49EC-9DDA-DD06F8F3566D}.Debug|Any CPU.ActiveCfg = Debug|Any CPU
		{D1F50345-A995-49EC-9DDA-DD06F8F3566D}.Debug|Any CPU.Build.0 = Debug|Any CPU
		{D1F50345-A995-49EC-9DDA-DD06F8F3566D}.Debug|Mixed Platforms.ActiveCfg = Debug|Any CPU
		{D1F50345-A995-49EC-9DDA-DD06F8F3566D}.Debug|Mixed Platforms.Build.0 = Debug|Any CPU
		{D1F50345-A995-49EC-9DDA-DD06F8F3566D}.Debug|Win32.ActiveCfg = Debug|Any CPU
		{D1F50345-A995-49EC-9DDA-DD06F8F3566D}.Release|Any CPU.ActiveCfg = Release|Any CPU
		{D1F50345-A995-49EC-9DDA-DD06F8F3566D}.Release|Any CPU.Build.0 = Release|Any CPU
		{D1F50345-A995-49EC-9DDA-DD06F8F3566D}.Release|Mixed Platforms.ActiveCfg = Release|Any CPU
		{D1F50345-A995-49EC-9DDA-DD06F8F3566D}.Release|Mixed Platforms.Build.0 = Release|Any CPU
		{D1F50345-A995-49EC-9DDA-DD06F8F3566D}.Release|Win32.ActiveCfg = Release|Any CPU
		{C21060C0-8929-4DC5-AC09-06EA5090AC7E}.CompilerOnly|Any CPU.ActiveCfg = Release|Any CPU
		{C21060C0-8929-4DC5-AC09-06EA5090AC7E}.CompilerOnly|Any CPU.Build.0 = Release|Any CPU
		{C21060C0-8929-4DC5-AC09-06EA5090AC7E}.CompilerOnly|Mixed Platforms.ActiveCfg = Release|Any CPU
		{C21060C0-8929-4DC5-AC09-06EA5090AC7E}.CompilerOnly|Mixed Platforms.Build.0 = Release|Any CPU
		{C21060C0-8929-4DC5-AC09-06EA5090AC7E}.CompilerOnly|Win32.ActiveCfg = Release|Any CPU
		{C21060C0-8929-4DC5-AC09-06EA5090AC7E}.Debug|Any CPU.ActiveCfg = Debug|Any CPU
		{C21060C0-8929-4DC5-AC09-06EA5090AC7E}.Debug|Any CPU.Build.0 = Debug|Any CPU
		{C21060C0-8929-4DC5-AC09-06EA5090AC7E}.Debug|Mixed Platforms.ActiveCfg = Debug|Any CPU
		{C21060C0-8929-4DC5-AC09-06EA5090AC7E}.Debug|Win32.ActiveCfg = Debug|Any CPU
		{C21060C0-8929-4DC5-AC09-06EA5090AC7E}.Release|Any CPU.ActiveCfg = Release|Any CPU
		{C21060C0-8929-4DC5-AC09-06EA5090AC7E}.Release|Any CPU.Build.0 = Release|Any CPU
		{C21060C0-8929-4DC5-AC09-06EA5090AC7E}.Release|Mixed Platforms.ActiveCfg = Release|Any CPU
		{C21060C0-8929-4DC5-AC09-06EA5090AC7E}.Release|Mixed Platforms.Build.0 = Release|Any CPU
		{C21060C0-8929-4DC5-AC09-06EA5090AC7E}.Release|Win32.ActiveCfg = Release|Any CPU
		{C5203B00-B561-48F9-B56D-C4477A27EA01}.CompilerOnly|Any CPU.ActiveCfg = Release|Any CPU
		{C5203B00-B561-48F9-B56D-C4477A27EA01}.CompilerOnly|Any CPU.Build.0 = Release|Any CPU
		{C5203B00-B561-48F9-B56D-C4477A27EA01}.CompilerOnly|Mixed Platforms.ActiveCfg = Release|Any CPU
		{C5203B00-B561-48F9-B56D-C4477A27EA01}.CompilerOnly|Mixed Platforms.Build.0 = Release|Any CPU
		{C5203B00-B561-48F9-B56D-C4477A27EA01}.CompilerOnly|Win32.ActiveCfg = Release|Any CPU
		{C5203B00-B561-48F9-B56D-C4477A27EA01}.Debug|Any CPU.ActiveCfg = Debug|Any CPU
		{C5203B00-B561-48F9-B56D-C4477A27EA01}.Debug|Any CPU.Build.0 = Debug|Any CPU
		{C5203B00-B561-48F9-B56D-C4477A27EA01}.Debug|Mixed Platforms.ActiveCfg = Debug|Any CPU
		{C5203B00-B561-48F9-B56D-C4477A27EA01}.Debug|Mixed Platforms.Build.0 = Debug|Any CPU
		{C5203B00-B561-48F9-B56D-C4477A27EA01}.Debug|Win32.ActiveCfg = Debug|Any CPU
		{C5203B00-B561-48F9-B56D-C4477A27EA01}.Release|Any CPU.ActiveCfg = Release|Any CPU
		{C5203B00-B561-48F9-B56D-C4477A27EA01}.Release|Any CPU.Build.0 = Release|Any CPU
		{C5203B00-B561-48F9-B56D-C4477A27EA01}.Release|Mixed Platforms.ActiveCfg = Release|Any CPU
		{C5203B00-B561-48F9-B56D-C4477A27EA01}.Release|Mixed Platforms.Build.0 = Release|Any CPU
		{C5203B00-B561-48F9-B56D-C4477A27EA01}.Release|Win32.ActiveCfg = Release|Any CPU
		{3090CDC7-C76B-4DDB-96F9-AB7D36CA5F32}.CompilerOnly|Any CPU.ActiveCfg = Release|Any CPU
		{3090CDC7-C76B-4DDB-96F9-AB7D36CA5F32}.CompilerOnly|Any CPU.Build.0 = Release|Any CPU
		{3090CDC7-C76B-4DDB-96F9-AB7D36CA5F32}.CompilerOnly|Mixed Platforms.ActiveCfg = Release|Any CPU
		{3090CDC7-C76B-4DDB-96F9-AB7D36CA5F32}.CompilerOnly|Mixed Platforms.Build.0 = Release|Any CPU
		{3090CDC7-C76B-4DDB-96F9-AB7D36CA5F32}.CompilerOnly|Win32.ActiveCfg = Release|Any CPU
		{3090CDC7-C76B-4DDB-96F9-AB7D36CA5F32}.Debug|Any CPU.ActiveCfg = Debug|Any CPU
		{3090CDC7-C76B-4DDB-96F9-AB7D36CA5F32}.Debug|Any CPU.Build.0 = Debug|Any CPU
		{3090CDC7-C76B-4DDB-96F9-AB7D36CA5F32}.Debug|Mixed Platforms.ActiveCfg = Debug|Any CPU
		{3090CDC7-C76B-4DDB-96F9-AB7D36CA5F32}.Debug|Win32.ActiveCfg = Debug|Any CPU
		{3090CDC7-C76B-4DDB-96F9-AB7D36CA5F32}.Release|Any CPU.ActiveCfg = Release|Any CPU
		{3090CDC7-C76B-4DDB-96F9-AB7D36CA5F32}.Release|Any CPU.Build.0 = Release|Any CPU
		{3090CDC7-C76B-4DDB-96F9-AB7D36CA5F32}.Release|Mixed Platforms.ActiveCfg = Release|Any CPU
		{3090CDC7-C76B-4DDB-96F9-AB7D36CA5F32}.Release|Mixed Platforms.Build.0 = Release|Any CPU
		{3090CDC7-C76B-4DDB-96F9-AB7D36CA5F32}.Release|Win32.ActiveCfg = Release|Any CPU
	EndGlobalSection
	GlobalSection(SolutionProperties) = preSolution
		HideSolutionNode = FALSE
	EndGlobalSection
	GlobalSection(NestedProjects) = preSolution
		{CA610267-3E64-42EF-96C6-B065EEAB1EAB} = {739D8218-9E6D-4C44-B8B3-AB335A2412CE}
		{FDE14385-074E-44A5-842F-8343E8D6F6B7} = {739D8218-9E6D-4C44-B8B3-AB335A2412CE}
		{5B244ED6-BCC5-4FEE-A8DF-8B546F368F3F} = {04D33EB9-17AC-46B9-BF93-99C57F2F802E}
		{DA640BE6-815D-4B31-B04A-B616F85AA102} = {04D33EB9-17AC-46B9-BF93-99C57F2F802E}
		{71D5CA0F-17DC-4743-B427-C9014592D3AC} = {04D33EB9-17AC-46B9-BF93-99C57F2F802E}
		{B855D039-8A27-419D-9A81-86FF93227E31} = {04D33EB9-17AC-46B9-BF93-99C57F2F802E}
		{B2144FB2-68AD-4F94-B53E-DCCF827115C8} = {04D33EB9-17AC-46B9-BF93-99C57F2F802E}
		{AB567043-8047-4CB4-863C-F7FBAB4E239A} = {04D33EB9-17AC-46B9-BF93-99C57F2F802E}
		{DA1D75C4-D0AA-474C-8773-6D90C9319D67} = {04D33EB9-17AC-46B9-BF93-99C57F2F802E}
		{CDB01DBB-FD43-40F4-98F0-F5401E8C5919} = {04D33EB9-17AC-46B9-BF93-99C57F2F802E}
		{A23FF5D3-7775-4BD3-942A-1F488E339D27} = {04D33EB9-17AC-46B9-BF93-99C57F2F802E}
		{D0544C0C-C6ED-4F91-9F3C-9F3A02B8CAB6} = {04D33EB9-17AC-46B9-BF93-99C57F2F802E}
		{CAB0EED0-564C-4981-97BC-497AB7D13433} = {04D33EB9-17AC-46B9-BF93-99C57F2F802E}
		{C21060C0-8929-4DC5-AC09-06EA5090AC7E} = {04D33EB9-17AC-46B9-BF93-99C57F2F802E}
		{C5203B00-B561-48F9-B56D-C4477A27EA01} = {04D33EB9-17AC-46B9-BF93-99C57F2F802E}
		{33CAB640-0D03-43DF-81BD-22CDC6C0A597} = {CA610267-3E64-42EF-96C6-B065EEAB1EAB}
		{4A34A3C5-6176-49D7-A4C5-B2B671247F8F} = {CA610267-3E64-42EF-96C6-B065EEAB1EAB}
		{4B0054FD-124A-4037-9965-BDB55E6BF389} = {CA610267-3E64-42EF-96C6-B065EEAB1EAB}
		{319E151C-8F33-49E7-81C9-30F02F9BA90A} = {CA610267-3E64-42EF-96C6-B065EEAB1EAB}
		{08156C78-403A-4112-AD81-8646AC51CD2F} = {CA610267-3E64-42EF-96C6-B065EEAB1EAB}
		{34B9A0CE-DF18-4CBC-8F7A-90C2B74338D5} = {CA610267-3E64-42EF-96C6-B065EEAB1EAB}
		{15FF2982-EBD1-45DC-8FDF-4D901236E3D9} = {FDE14385-074E-44A5-842F-8343E8D6F6B7}
		{319E150C-8F33-49E7-81CA-30F02F9BA90A} = {FDE14385-074E-44A5-842F-8343E8D6F6B7}
		{035FEA7F-0D36-4AE4-B694-EC45191B9AF2} = {FDE14385-074E-44A5-842F-8343E8D6F6B7}
		{CEB76EA1-A168-49B0-A410-2C4195FEE86F} = {FDE14385-074E-44A5-842F-8343E8D6F6B7}
		{CD8E4A51-E4D2-4779-B818-5C59D6E6F6B0} = {5B244ED6-BCC5-4FEE-A8DF-8B546F368F3F}
		{6FFDDDE7-4B33-4CDB-92F3-21A0807E866D} = {5B244ED6-BCC5-4FEE-A8DF-8B546F368F3F}
		{78187C99-15DA-4001-92E7-01A103DA739D} = {5B244ED6-BCC5-4FEE-A8DF-8B546F368F3F}
		{5D0A2F9B-C37E-4E1C-BF01-10DCFA9E2FC2} = {5B244ED6-BCC5-4FEE-A8DF-8B546F368F3F}
		{0F1AF63F-A46F-4B56-B66B-6FDEDD2BC10E} = {CD8E4A51-E4D2-4779-B818-5C59D6E6F6B0}
		{3CE03E07-26AB-4969-97AD-BDDCE41B0A28} = {6FFDDDE7-4B33-4CDB-92F3-21A0807E866D}
		{58F55EE8-F35F-427F-B4C3-F650A9843485} = {6FFDDDE7-4B33-4CDB-92F3-21A0807E866D}
		{19CF9E68-12F6-4249-ADE9-D9D7EC18F41D} = {6FFDDDE7-4B33-4CDB-92F3-21A0807E866D}
		{29651769-4A5F-4C7F-BAA7-4064BA38324D} = {78187C99-15DA-4001-92E7-01A103DA739D}
		{D1F50345-A995-49EC-9DDA-DD06F8F3566D} = {DA640BE6-815D-4B31-B04A-B616F85AA102}
		{3090CDC7-C76B-4DDB-96F9-AB7D36CA5F32} = {5D0A2F9B-C37E-4E1C-BF01-10DCFA9E2FC2}
	EndGlobalSection
EndGlobal
