
Microsoft Visual Studio Solution File, Format Version 10.00
# Visual Studio 2008
Project("{F2A71F9B-5D33-465A-A702-920D77279786}") = "Vcc3", "Vcc3.fsproj", "{FE8CF109-ADD4-49BB-B254-E18EF1E74FD6}"
EndProject
Global
	GlobalSection(SolutionConfigurationPlatforms) = preSolution
		Debug|Any CPU = Debug|Any CPU
		Release|Any CPU = Release|Any CPU
	EndGlobalSection
	GlobalSection(ProjectConfigurationPlatforms) = postSolution
		{FE8CF109-ADD4-49BB-B254-E18EF1E74FD6}.Debug|Any CPU.ActiveCfg = Debug|Any CPU
		{FE8CF109-ADD4-49BB-B254-E18EF1E74FD6}.Debug|Any CPU.Build.0 = Debug|Any CPU
		{FE8CF109-ADD4-49BB-B254-E18EF1E74FD6}.Release|Any CPU.ActiveCfg = Release|Any CPU
		{FE8CF109-ADD4-49BB-B254-E18EF1E74FD6}.Release|Any CPU.Build.0 = Release|Any CPU
	EndGlobalSection
	GlobalSection(SolutionProperties) = preSolution
		HideSolutionNode = FALSE
	EndGlobalSection
EndGlobal
